// !$*UTF8*$!
{
	archiveVersion = 1;
	classes = {
	};
	objectVersion = 50;
	objects = {

/* Begin PBXBuildFile section */
		5360C854247D9C2C00378F75 /* TopHeadlinesShimmerCell.xib in Resources */ = {isa = PBXBuildFile; fileRef = 5360C853247D9C2C00378F75 /* TopHeadlinesShimmerCell.xib */; };
		5360C856247DA0BF00378F75 /* TopHeadlinesShimmerCell.swift in Sources */ = {isa = PBXBuildFile; fileRef = 5360C855247DA0BF00378F75 /* TopHeadlinesShimmerCell.swift */; };
		536F7C51247DFFA60064A1AB /* Endpoint.swift in Sources */ = {isa = PBXBuildFile; fileRef = 536F7C50247DFFA60064A1AB /* Endpoint.swift */; };
		536F7C53247DFFCA0064A1AB /* BaseDataManager.swift in Sources */ = {isa = PBXBuildFile; fileRef = 536F7C52247DFFCA0064A1AB /* BaseDataManager.swift */; };
		539EE9A9247CBD87002BED74 /* Extensions.swift in Sources */ = {isa = PBXBuildFile; fileRef = 539EE9A8247CBD87002BED74 /* Extensions.swift */; };
		539EE9AB247CBDB2002BED74 /* Protocols.swift in Sources */ = {isa = PBXBuildFile; fileRef = 539EE9AA247CBDB2002BED74 /* Protocols.swift */; };
		539EE9AD247D5CAC002BED74 /* NYTimesModel+MostPopular.swift in Sources */ = {isa = PBXBuildFile; fileRef = 539EE9AC247D5CAC002BED74 /* NYTimesModel+MostPopular.swift */; };
		53B3F48D247CBB3B003939ED /* TopHeadlinesCell.swift in Sources */ = {isa = PBXBuildFile; fileRef = 53B3F48C247CBB3B003939ED /* TopHeadlinesCell.swift */; };
		53C104D7247C0BEE00001DEB /* AppDelegate.swift in Sources */ = {isa = PBXBuildFile; fileRef = 53C104D6247C0BEE00001DEB /* AppDelegate.swift */; };
		53C104D9247C0BEE00001DEB /* SceneDelegate.swift in Sources */ = {isa = PBXBuildFile; fileRef = 53C104D8247C0BEE00001DEB /* SceneDelegate.swift */; };
		53C104DB247C0BEE00001DEB /* TopHeadlinesViewController.swift in Sources */ = {isa = PBXBuildFile; fileRef = 53C104DA247C0BEE00001DEB /* TopHeadlinesViewController.swift */; };
		53C104E0247C0BF700001DEB /* Assets.xcassets in Resources */ = {isa = PBXBuildFile; fileRef = 53C104DF247C0BF700001DEB /* Assets.xcassets */; };
		53C104E3247C0BF700001DEB /* LaunchScreen.storyboard in Resources */ = {isa = PBXBuildFile; fileRef = 53C104E1247C0BF700001DEB /* LaunchScreen.storyboard */; };
		53C104EE247C0BF700001DEB /* NewsAppTests.swift in Sources */ = {isa = PBXBuildFile; fileRef = 53C104ED247C0BF700001DEB /* NewsAppTests.swift */; };
		53C104F9247C0EF800001DEB /* NewsAppDataManager.swift in Sources */ = {isa = PBXBuildFile; fileRef = 53C104F8247C0EF800001DEB /* NewsAppDataManager.swift */; };
		53C104FB247C17C200001DEB /* NewsApiModel.swift in Sources */ = {isa = PBXBuildFile; fileRef = 53C104FA247C17C200001DEB /* NewsApiModel.swift */; };
		53C104FF247C1C6700001DEB /* TopHeadlines.storyboard in Resources */ = {isa = PBXBuildFile; fileRef = 53C104FE247C1C6700001DEB /* TopHeadlines.storyboard */; };
		53C10501247C1E1600001DEB /* TopHeadlinesViewModel.swift in Sources */ = {isa = PBXBuildFile; fileRef = 53C10500247C1E1600001DEB /* TopHeadlinesViewModel.swift */; };
		53C10503247C1F4500001DEB /* TopHeadlinesCell.xib in Resources */ = {isa = PBXBuildFile; fileRef = 53C10502247C1F4500001DEB /* TopHeadlinesCell.xib */; };
/* End PBXBuildFile section */

/* Begin PBXContainerItemProxy section */
		53C104EA247C0BF700001DEB /* PBXContainerItemProxy */ = {
			isa = PBXContainerItemProxy;
			containerPortal = 53C104CB247C0BEE00001DEB /* Project object */;
			proxyType = 1;
			remoteGlobalIDString = 53C104D2247C0BEE00001DEB;
			remoteInfo = NewsApp;
		};
/* End PBXContainerItemProxy section */

/* Begin PBXFileReference section */
		5360C853247D9C2C00378F75 /* TopHeadlinesShimmerCell.xib */ = {isa = PBXFileReference; lastKnownFileType = file.xib; path = TopHeadlinesShimmerCell.xib; sourceTree = "<group>"; };
		5360C855247DA0BF00378F75 /* TopHeadlinesShimmerCell.swift */ = {isa = PBXFileReference; lastKnownFileType = sourcecode.swift; path = TopHeadlinesShimmerCell.swift; sourceTree = "<group>"; };
		536F7C50247DFFA60064A1AB /* Endpoint.swift */ = {isa = PBXFileReference; lastKnownFileType = sourcecode.swift; path = Endpoint.swift; sourceTree = "<group>"; };
		536F7C52247DFFCA0064A1AB /* BaseDataManager.swift */ = {isa = PBXFileReference; lastKnownFileType = sourcecode.swift; path = BaseDataManager.swift; sourceTree = "<group>"; };
		539EE9A8247CBD87002BED74 /* Extensions.swift */ = {isa = PBXFileReference; lastKnownFileType = sourcecode.swift; path = Extensions.swift; sourceTree = "<group>"; };
		539EE9AA247CBDB2002BED74 /* Protocols.swift */ = {isa = PBXFileReference; lastKnownFileType = sourcecode.swift; path = Protocols.swift; sourceTree = "<group>"; };
		539EE9AC247D5CAC002BED74 /* NYTimesModel+MostPopular.swift */ = {isa = PBXFileReference; lastKnownFileType = sourcecode.swift; path = "NYTimesModel+MostPopular.swift"; sourceTree = "<group>"; };
		53B3F48C247CBB3B003939ED /* TopHeadlinesCell.swift */ = {isa = PBXFileReference; lastKnownFileType = sourcecode.swift; path = TopHeadlinesCell.swift; sourceTree = "<group>"; };
		53C104D3247C0BEE00001DEB /* NewsApp.app */ = {isa = PBXFileReference; explicitFileType = wrapper.application; includeInIndex = 0; path = NewsApp.app; sourceTree = BUILT_PRODUCTS_DIR; };
		53C104D6247C0BEE00001DEB /* AppDelegate.swift */ = {isa = PBXFileReference; lastKnownFileType = sourcecode.swift; path = AppDelegate.swift; sourceTree = "<group>"; };
		53C104D8247C0BEE00001DEB /* SceneDelegate.swift */ = {isa = PBXFileReference; lastKnownFileType = sourcecode.swift; path = SceneDelegate.swift; sourceTree = "<group>"; };
		53C104DA247C0BEE00001DEB /* TopHeadlinesViewController.swift */ = {isa = PBXFileReference; lastKnownFileType = sourcecode.swift; path = TopHeadlinesViewController.swift; sourceTree = "<group>"; };
		53C104DF247C0BF700001DEB /* Assets.xcassets */ = {isa = PBXFileReference; lastKnownFileType = folder.assetcatalog; path = Assets.xcassets; sourceTree = "<group>"; };
		53C104E2247C0BF700001DEB /* Base */ = {isa = PBXFileReference; lastKnownFileType = file.storyboard; name = Base; path = Base.lproj/LaunchScreen.storyboard; sourceTree = "<group>"; };
		53C104E4247C0BF700001DEB /* Info.plist */ = {isa = PBXFileReference; lastKnownFileType = text.plist.xml; path = Info.plist; sourceTree = "<group>"; };
		53C104E9247C0BF700001DEB /* NewsAppTests.xctest */ = {isa = PBXFileReference; explicitFileType = wrapper.cfbundle; includeInIndex = 0; path = NewsAppTests.xctest; sourceTree = BUILT_PRODUCTS_DIR; };
		53C104ED247C0BF700001DEB /* NewsAppTests.swift */ = {isa = PBXFileReference; lastKnownFileType = sourcecode.swift; path = NewsAppTests.swift; sourceTree = "<group>"; };
		53C104EF247C0BF700001DEB /* Info.plist */ = {isa = PBXFileReference; lastKnownFileType = text.plist.xml; path = Info.plist; sourceTree = "<group>"; };
		53C104F8247C0EF800001DEB /* NewsAppDataManager.swift */ = {isa = PBXFileReference; lastKnownFileType = sourcecode.swift; path = NewsAppDataManager.swift; sourceTree = "<group>"; };
		53C104FA247C17C200001DEB /* NewsApiModel.swift */ = {isa = PBXFileReference; lastKnownFileType = sourcecode.swift; path = NewsApiModel.swift; sourceTree = "<group>"; };
		53C104FE247C1C6700001DEB /* TopHeadlines.storyboard */ = {isa = PBXFileReference; lastKnownFileType = file.storyboard; path = TopHeadlines.storyboard; sourceTree = "<group>"; };
		53C10500247C1E1600001DEB /* TopHeadlinesViewModel.swift */ = {isa = PBXFileReference; lastKnownFileType = sourcecode.swift; path = TopHeadlinesViewModel.swift; sourceTree = "<group>"; };
		53C10502247C1F4500001DEB /* TopHeadlinesCell.xib */ = {isa = PBXFileReference; lastKnownFileType = file.xib; path = TopHeadlinesCell.xib; sourceTree = "<group>"; };
/* End PBXFileReference section */

/* Begin PBXFrameworksBuildPhase section */
		53C104D0247C0BEE00001DEB /* Frameworks */ = {
			isa = PBXFrameworksBuildPhase;
			buildActionMask = 2147483647;
			files = (
			);
			runOnlyForDeploymentPostprocessing = 0;
		};
		53C104E6247C0BF700001DEB /* Frameworks */ = {
			isa = PBXFrameworksBuildPhase;
			buildActionMask = 2147483647;
			files = (
			);
			runOnlyForDeploymentPostprocessing = 0;
		};
/* End PBXFrameworksBuildPhase section */

/* Begin PBXGroup section */
		536F7C4F247DFF920064A1AB /* DataManager */ = {
			isa = PBXGroup;
			children = (
				536F7C54247E016B0064A1AB /* Models */,
				536F7C52247DFFCA0064A1AB /* BaseDataManager.swift */,
				53C104F8247C0EF800001DEB /* NewsAppDataManager.swift */,
				536F7C50247DFFA60064A1AB /* Endpoint.swift */,
			);
			path = DataManager;
			sourceTree = "<group>";
		};
		536F7C54247E016B0064A1AB /* Models */ = {
			isa = PBXGroup;
			children = (
				536F7C57247E01E60064A1AB /* NYTimes */,
			);
			path = Models;
			sourceTree = "<group>";
		};
		536F7C57247E01E60064A1AB /* NYTimes */ = {
			isa = PBXGroup;
			children = (
				539EE9AC247D5CAC002BED74 /* NYTimesModel+MostPopular.swift */,
			);
			path = NYTimes;
			sourceTree = "<group>";
		};
		537C2F6C247CBCEE00D8B14F /* Views */ = {
			isa = PBXGroup;
			children = (
				53C104FE247C1C6700001DEB /* TopHeadlines.storyboard */,
				53C104DA247C0BEE00001DEB /* TopHeadlinesViewController.swift */,
				537C2F6D247CBCF800D8B14F /* Cells */,
			);
			path = Views;
			sourceTree = "<group>";
		};
		537C2F6D247CBCF800D8B14F /* Cells */ = {
			isa = PBXGroup;
			children = (
				53C10502247C1F4500001DEB /* TopHeadlinesCell.xib */,
				53B3F48C247CBB3B003939ED /* TopHeadlinesCell.swift */,
				5360C853247D9C2C00378F75 /* TopHeadlinesShimmerCell.xib */,
				5360C855247DA0BF00378F75 /* TopHeadlinesShimmerCell.swift */,
			);
			path = Cells;
			sourceTree = "<group>";
		};
		539EE9A4247CBD56002BED74 /* Base */ = {
			isa = PBXGroup;
			children = (
				536F7C4F247DFF920064A1AB /* DataManager */,
			);
			path = Base;
			sourceTree = "<group>";
		};
		539EE9A5247CBD5E002BED74 /* Model */ = {
			isa = PBXGroup;
			children = (
				53C104FA247C17C200001DEB /* NewsApiModel.swift */,
			);
			path = Model;
			sourceTree = "<group>";
		};
		539EE9A6247CBD62002BED74 /* ViewModel */ = {
			isa = PBXGroup;
			children = (
				53C10500247C1E1600001DEB /* TopHeadlinesViewModel.swift */,
			);
			path = ViewModel;
			sourceTree = "<group>";
		};
		539EE9A7247CBD77002BED74 /* Utility */ = {
			isa = PBXGroup;
			children = (
				539EE9A8247CBD87002BED74 /* Extensions.swift */,
				539EE9AA247CBDB2002BED74 /* Protocols.swift */,
			);
			path = Utility;
			sourceTree = "<group>";
		};
		53B3F48B247CBB21003939ED /* TopHeadlines */ = {
			isa = PBXGroup;
			children = (
				539EE9A6247CBD62002BED74 /* ViewModel */,
				539EE9A5247CBD5E002BED74 /* Model */,
				537C2F6C247CBCEE00D8B14F /* Views */,
			);
			path = TopHeadlines;
			sourceTree = "<group>";
		};
		53C104CA247C0BEE00001DEB = {
			isa = PBXGroup;
			children = (
				53C104D5247C0BEE00001DEB /* NewsApp */,
				53C104EC247C0BF700001DEB /* NewsAppTests */,
				53C104D4247C0BEE00001DEB /* Products */,
			);
			sourceTree = "<group>";
		};
		53C104D4247C0BEE00001DEB /* Products */ = {
			isa = PBXGroup;
			children = (
				53C104D3247C0BEE00001DEB /* NewsApp.app */,
				53C104E9247C0BF700001DEB /* NewsAppTests.xctest */,
			);
			name = Products;
			sourceTree = "<group>";
		};
		53C104D5247C0BEE00001DEB /* NewsApp */ = {
			isa = PBXGroup;
			children = (
				53C104D6247C0BEE00001DEB /* AppDelegate.swift */,
				53C104D8247C0BEE00001DEB /* SceneDelegate.swift */,
				539EE9A4247CBD56002BED74 /* Base */,
				53B3F48B247CBB21003939ED /* TopHeadlines */,
				539EE9A7247CBD77002BED74 /* Utility */,
				53C104DF247C0BF700001DEB /* Assets.xcassets */,
				53C104E1247C0BF700001DEB /* LaunchScreen.storyboard */,
				53C104E4247C0BF700001DEB /* Info.plist */,
			);
			path = NewsApp;
			sourceTree = "<group>";
		};
		53C104EC247C0BF700001DEB /* NewsAppTests */ = {
			isa = PBXGroup;
			children = (
				53C104ED247C0BF700001DEB /* NewsAppTests.swift */,
				53C104EF247C0BF700001DEB /* Info.plist */,
			);
			path = NewsAppTests;
			sourceTree = "<group>";
		};
/* End PBXGroup section */

/* Begin PBXNativeTarget section */
		53C104D2247C0BEE00001DEB /* NewsApp */ = {
			isa = PBXNativeTarget;
			buildConfigurationList = 53C104F2247C0BF700001DEB /* Build configuration list for PBXNativeTarget "NewsApp" */;
			buildPhases = (
				53C104CF247C0BEE00001DEB /* Sources */,
				53C104D0247C0BEE00001DEB /* Frameworks */,
				53C104D1247C0BEE00001DEB /* Resources */,
			);
			buildRules = (
			);
			dependencies = (
			);
			name = NewsApp;
			productName = NewsApp;
			productReference = 53C104D3247C0BEE00001DEB /* NewsApp.app */;
			productType = "com.apple.product-type.application";
		};
		53C104E8247C0BF700001DEB /* NewsAppTests */ = {
			isa = PBXNativeTarget;
			buildConfigurationList = 53C104F5247C0BF700001DEB /* Build configuration list for PBXNativeTarget "NewsAppTests" */;
			buildPhases = (
				53C104E5247C0BF700001DEB /* Sources */,
				53C104E6247C0BF700001DEB /* Frameworks */,
				53C104E7247C0BF700001DEB /* Resources */,
			);
			buildRules = (
			);
			dependencies = (
				53C104EB247C0BF700001DEB /* PBXTargetDependency */,
			);
			name = NewsAppTests;
			productName = NewsAppTests;
			productReference = 53C104E9247C0BF700001DEB /* NewsAppTests.xctest */;
			productType = "com.apple.product-type.bundle.unit-test";
		};
/* End PBXNativeTarget section */

/* Begin PBXProject section */
		53C104CB247C0BEE00001DEB /* Project object */ = {
			isa = PBXProject;
			attributes = {
				LastSwiftUpdateCheck = 1120;
				LastUpgradeCheck = 1120;
				ORGANIZATIONNAME = "Ernest DeFoy";
				TargetAttributes = {
					53C104D2247C0BEE00001DEB = {
						CreatedOnToolsVersion = 11.2.1;
					};
					53C104E8247C0BF700001DEB = {
						CreatedOnToolsVersion = 11.2.1;
						TestTargetID = 53C104D2247C0BEE00001DEB;
					};
				};
			};
			buildConfigurationList = 53C104CE247C0BEE00001DEB /* Build configuration list for PBXProject "NewsApp" */;
			compatibilityVersion = "Xcode 9.3";
			developmentRegion = en;
			hasScannedForEncodings = 0;
			knownRegions = (
				en,
				Base,
			);
			mainGroup = 53C104CA247C0BEE00001DEB;
			productRefGroup = 53C104D4247C0BEE00001DEB /* Products */;
			projectDirPath = "";
			projectRoot = "";
			targets = (
				53C104D2247C0BEE00001DEB /* NewsApp */,
				53C104E8247C0BF700001DEB /* NewsAppTests */,
			);
		};
/* End PBXProject section */

/* Begin PBXResourcesBuildPhase section */
		53C104D1247C0BEE00001DEB /* Resources */ = {
			isa = PBXResourcesBuildPhase;
			buildActionMask = 2147483647;
			files = (
				53C104E3247C0BF700001DEB /* LaunchScreen.storyboard in Resources */,
				5360C854247D9C2C00378F75 /* TopHeadlinesShimmerCell.xib in Resources */,
				53C10503247C1F4500001DEB /* TopHeadlinesCell.xib in Resources */,
				53C104FF247C1C6700001DEB /* TopHeadlines.storyboard in Resources */,
				53C104E0247C0BF700001DEB /* Assets.xcassets in Resources */,
			);
			runOnlyForDeploymentPostprocessing = 0;
		};
		53C104E7247C0BF700001DEB /* Resources */ = {
			isa = PBXResourcesBuildPhase;
			buildActionMask = 2147483647;
			files = (
			);
			runOnlyForDeploymentPostprocessing = 0;
		};
/* End PBXResourcesBuildPhase section */

/* Begin PBXSourcesBuildPhase section */
		53C104CF247C0BEE00001DEB /* Sources */ = {
			isa = PBXSourcesBuildPhase;
			buildActionMask = 2147483647;
			files = (
				53C104FB247C17C200001DEB /* NewsApiModel.swift in Sources */,
				53C104DB247C0BEE00001DEB /* TopHeadlinesViewController.swift in Sources */,
				53C104F9247C0EF800001DEB /* NewsAppDataManager.swift in Sources */,
				539EE9AB247CBDB2002BED74 /* Protocols.swift in Sources */,
				536F7C53247DFFCA0064A1AB /* BaseDataManager.swift in Sources */,
				539EE9A9247CBD87002BED74 /* Extensions.swift in Sources */,
				53B3F48D247CBB3B003939ED /* TopHeadlinesCell.swift in Sources */,
				53C104D7247C0BEE00001DEB /* AppDelegate.swift in Sources */,
				5360C856247DA0BF00378F75 /* TopHeadlinesShimmerCell.swift in Sources */,
				53C10501247C1E1600001DEB /* TopHeadlinesViewModel.swift in Sources */,
				53C104D9247C0BEE00001DEB /* SceneDelegate.swift in Sources */,
				536F7C51247DFFA60064A1AB /* Endpoint.swift in Sources */,
				539EE9AD247D5CAC002BED74 /* NYTimesModel+MostPopular.swift in Sources */,
			);
			runOnlyForDeploymentPostprocessing = 0;
		};
		53C104E5247C0BF700001DEB /* Sources */ = {
			isa = PBXSourcesBuildPhase;
			buildActionMask = 2147483647;
			files = (
				53C104EE247C0BF700001DEB /* NewsAppTests.swift in Sources */,
			);
			runOnlyForDeploymentPostprocessing = 0;
		};
/* End PBXSourcesBuildPhase section */

/* Begin PBXTargetDependency section */
		53C104EB247C0BF700001DEB /* PBXTargetDependency */ = {
			isa = PBXTargetDependency;
			target = 53C104D2247C0BEE00001DEB /* NewsApp */;
			targetProxy = 53C104EA247C0BF700001DEB /* PBXContainerItemProxy */;
		};
/* End PBXTargetDependency section */

/* Begin PBXVariantGroup section */
		53C104E1247C0BF700001DEB /* LaunchScreen.storyboard */ = {
			isa = PBXVariantGroup;
			children = (
				53C104E2247C0BF700001DEB /* Base */,
			);
			name = LaunchScreen.storyboard;
			sourceTree = "<group>";
		};
/* End PBXVariantGroup section */

/* Begin XCBuildConfiguration section */
		53C104F0247C0BF700001DEB /* Debug */ = {
			isa = XCBuildConfiguration;
			buildSettings = {
				ALWAYS_SEARCH_USER_PATHS = NO;
				CLANG_ANALYZER_NONNULL = YES;
				CLANG_ANALYZER_NUMBER_OBJECT_CONVERSION = YES_AGGRESSIVE;
				CLANG_CXX_LANGUAGE_STANDARD = "gnu++14";
				CLANG_CXX_LIBRARY = "libc++";
				CLANG_ENABLE_MODULES = YES;
				CLANG_ENABLE_OBJC_ARC = YES;
				CLANG_ENABLE_OBJC_WEAK = YES;
				CLANG_WARN_BLOCK_CAPTURE_AUTORELEASING = YES;
				CLANG_WARN_BOOL_CONVERSION = YES;
				CLANG_WARN_COMMA = YES;
				CLANG_WARN_CONSTANT_CONVERSION = YES;
				CLANG_WARN_DEPRECATED_OBJC_IMPLEMENTATIONS = YES;
				CLANG_WARN_DIRECT_OBJC_ISA_USAGE = YES_ERROR;
				CLANG_WARN_DOCUMENTATION_COMMENTS = YES;
				CLANG_WARN_EMPTY_BODY = YES;
				CLANG_WARN_ENUM_CONVERSION = YES;
				CLANG_WARN_INFINITE_RECURSION = YES;
				CLANG_WARN_INT_CONVERSION = YES;
				CLANG_WARN_NON_LITERAL_NULL_CONVERSION = YES;
				CLANG_WARN_OBJC_IMPLICIT_RETAIN_SELF = YES;
				CLANG_WARN_OBJC_LITERAL_CONVERSION = YES;
				CLANG_WARN_OBJC_ROOT_CLASS = YES_ERROR;
				CLANG_WARN_RANGE_LOOP_ANALYSIS = YES;
				CLANG_WARN_STRICT_PROTOTYPES = YES;
				CLANG_WARN_SUSPICIOUS_MOVE = YES;
				CLANG_WARN_UNGUARDED_AVAILABILITY = YES_AGGRESSIVE;
				CLANG_WARN_UNREACHABLE_CODE = YES;
				CLANG_WARN__DUPLICATE_METHOD_MATCH = YES;
				COPY_PHASE_STRIP = NO;
				DEBUG_INFORMATION_FORMAT = dwarf;
				ENABLE_STRICT_OBJC_MSGSEND = YES;
				ENABLE_TESTABILITY = YES;
				GCC_C_LANGUAGE_STANDARD = gnu11;
				GCC_DYNAMIC_NO_PIC = NO;
				GCC_NO_COMMON_BLOCKS = YES;
				GCC_OPTIMIZATION_LEVEL = 0;
				GCC_PREPROCESSOR_DEFINITIONS = (
					"DEBUG=1",
					"$(inherited)",
				);
				GCC_WARN_64_TO_32_BIT_CONVERSION = YES;
				GCC_WARN_ABOUT_RETURN_TYPE = YES_ERROR;
				GCC_WARN_UNDECLARED_SELECTOR = YES;
				GCC_WARN_UNINITIALIZED_AUTOS = YES_AGGRESSIVE;
				GCC_WARN_UNUSED_FUNCTION = YES;
				GCC_WARN_UNUSED_VARIABLE = YES;
				IPHONEOS_DEPLOYMENT_TARGET = 13.2;
				MTL_ENABLE_DEBUG_INFO = INCLUDE_SOURCE;
				MTL_FAST_MATH = YES;
				ONLY_ACTIVE_ARCH = YES;
				SDKROOT = iphoneos;
				SWIFT_ACTIVE_COMPILATION_CONDITIONS = DEBUG;
				SWIFT_OPTIMIZATION_LEVEL = "-Onone";
			};
			name = Debug;
		};
		53C104F1247C0BF700001DEB /* Release */ = {
			isa = XCBuildConfiguration;
			buildSettings = {
				ALWAYS_SEARCH_USER_PATHS = NO;
				CLANG_ANALYZER_NONNULL = YES;
				CLANG_ANALYZER_NUMBER_OBJECT_CONVERSION = YES_AGGRESSIVE;
				CLANG_CXX_LANGUAGE_STANDARD = "gnu++14";
				CLANG_CXX_LIBRARY = "libc++";
				CLANG_ENABLE_MODULES = YES;
				CLANG_ENABLE_OBJC_ARC = YES;
				CLANG_ENABLE_OBJC_WEAK = YES;
				CLANG_WARN_BLOCK_CAPTURE_AUTORELEASING = YES;
				CLANG_WARN_BOOL_CONVERSION = YES;
				CLANG_WARN_COMMA = YES;
				CLANG_WARN_CONSTANT_CONVERSION = YES;
				CLANG_WARN_DEPRECATED_OBJC_IMPLEMENTATIONS = YES;
				CLANG_WARN_DIRECT_OBJC_ISA_USAGE = YES_ERROR;
				CLANG_WARN_DOCUMENTATION_COMMENTS = YES;
				CLANG_WARN_EMPTY_BODY = YES;
				CLANG_WARN_ENUM_CONVERSION = YES;
				CLANG_WARN_INFINITE_RECURSION = YES;
				CLANG_WARN_INT_CONVERSION = YES;
				CLANG_WARN_NON_LITERAL_NULL_CONVERSION = YES;
				CLANG_WARN_OBJC_IMPLICIT_RETAIN_SELF = YES;
				CLANG_WARN_OBJC_LITERAL_CONVERSION = YES;
				CLANG_WARN_OBJC_ROOT_CLASS = YES_ERROR;
				CLANG_WARN_RANGE_LOOP_ANALYSIS = YES;
				CLANG_WARN_STRICT_PROTOTYPES = YES;
				CLANG_WARN_SUSPICIOUS_MOVE = YES;
				CLANG_WARN_UNGUARDED_AVAILABILITY = YES_AGGRESSIVE;
				CLANG_WARN_UNREACHABLE_CODE = YES;
				CLANG_WARN__DUPLICATE_METHOD_MATCH = YES;
				COPY_PHASE_STRIP = NO;
				DEBUG_INFORMATION_FORMAT = "dwarf-with-dsym";
				ENABLE_NS_ASSERTIONS = NO;
				ENABLE_STRICT_OBJC_MSGSEND = YES;
				GCC_C_LANGUAGE_STANDARD = gnu11;
				GCC_NO_COMMON_BLOCKS = YES;
				GCC_WARN_64_TO_32_BIT_CONVERSION = YES;
				GCC_WARN_ABOUT_RETURN_TYPE = YES_ERROR;
				GCC_WARN_UNDECLARED_SELECTOR = YES;
				GCC_WARN_UNINITIALIZED_AUTOS = YES_AGGRESSIVE;
				GCC_WARN_UNUSED_FUNCTION = YES;
				GCC_WARN_UNUSED_VARIABLE = YES;
				IPHONEOS_DEPLOYMENT_TARGET = 13.2;
				MTL_ENABLE_DEBUG_INFO = NO;
				MTL_FAST_MATH = YES;
				SDKROOT = iphoneos;
				SWIFT_COMPILATION_MODE = wholemodule;
				SWIFT_OPTIMIZATION_LEVEL = "-O";
				VALIDATE_PRODUCT = YES;
			};
			name = Release;
		};
		53C104F3247C0BF700001DEB /* Debug */ = {
			isa = XCBuildConfiguration;
			buildSettings = {
				ASSETCATALOG_COMPILER_APPICON_NAME = AppIcon;
				CODE_SIGN_STYLE = Automatic;
				DEVELOPMENT_TEAM = 4988B7799P;
				INFOPLIST_FILE = NewsApp/Info.plist;
				LD_RUNPATH_SEARCH_PATHS = (
					"$(inherited)",
					"@executable_path/Frameworks",
				);
				PRODUCT_BUNDLE_IDENTIFIER = defoye.NewsApp;
				PRODUCT_NAME = "$(TARGET_NAME)";
				SWIFT_VERSION = 5.0;
				TARGETED_DEVICE_FAMILY = "1,2";
			};
			name = Debug;
		};
		53C104F4247C0BF700001DEB /* Release */ = {
			isa = XCBuildConfiguration;
			buildSettings = {
				ASSETCATALOG_COMPILER_APPICON_NAME = AppIcon;
				CODE_SIGN_STYLE = Automatic;
				DEVELOPMENT_TEAM = 4988B7799P;
				INFOPLIST_FILE = NewsApp/Info.plist;
				LD_RUNPATH_SEARCH_PATHS = (
					"$(inherited)",
					"@executable_path/Frameworks",
				);
				PRODUCT_BUNDLE_IDENTIFIER = defoye.NewsApp;
				PRODUCT_NAME = "$(TARGET_NAME)";
				SWIFT_VERSION = 5.0;
				TARGETED_DEVICE_FAMILY = "1,2";
			};
			name = Release;
		};
		53C104F6247C0BF700001DEB /* Debug */ = {
			isa = XCBuildConfiguration;
			buildSettings = {
				ALWAYS_EMBED_SWIFT_STANDARD_LIBRARIES = YES;
				BUNDLE_LOADER = "$(TEST_HOST)";
				CODE_SIGN_STYLE = Automatic;
				INFOPLIST_FILE = NewsAppTests/Info.plist;
				IPHONEOS_DEPLOYMENT_TARGET = 13.2;
				LD_RUNPATH_SEARCH_PATHS = (
					"$(inherited)",
					"@executable_path/Frameworks",
					"@loader_path/Frameworks",
				);
				PRODUCT_BUNDLE_IDENTIFIER = defoye.NewsAppTests;
				PRODUCT_NAME = "$(TARGET_NAME)";
				SWIFT_VERSION = 5.0;
				TARGETED_DEVICE_FAMILY = "1,2";
				TEST_HOST = "$(BUILT_PRODUCTS_DIR)/NewsApp.app/NewsApp";
			};
			name = Debug;
		};
		53C104F7247C0BF700001DEB /* Release */ = {
			isa = XCBuildConfiguration;
			buildSettings = {
				ALWAYS_EMBED_SWIFT_STANDARD_LIBRARIES = YES;
				BUNDLE_LOADER = "$(TEST_HOST)";
				CODE_SIGN_STYLE = Automatic;
				INFOPLIST_FILE = NewsAppTests/Info.plist;
				IPHONEOS_DEPLOYMENT_TARGET = 13.2;
				LD_RUNPATH_SEARCH_PATHS = (
					"$(inherited)",
					"@executable_path/Frameworks",
					"@loader_path/Frameworks",
				);
				PRODUCT_BUNDLE_IDENTIFIER = defoye.NewsAppTests;
				PRODUCT_NAME = "$(TARGET_NAME)";
				SWIFT_VERSION = 5.0;
				TARGETED_DEVICE_FAMILY = "1,2";
				TEST_HOST = "$(BUILT_PRODUCTS_DIR)/NewsApp.app/NewsApp";
			};
			name = Release;
		};
/* End XCBuildConfiguration section */

/* Begin XCConfigurationList section */
		53C104CE247C0BEE00001DEB /* Build configuration list for PBXProject "NewsApp" */ = {
			isa = XCConfigurationList;
			buildConfigurations = (
				53C104F0247C0BF700001DEB /* Debug */,
				53C104F1247C0BF700001DEB /* Release */,
			);
			defaultConfigurationIsVisible = 0;
			defaultConfigurationName = Release;
		};
		53C104F2247C0BF700001DEB /* Build configuration list for PBXNativeTarget "NewsApp" */ = {
			isa = XCConfigurationList;
			buildConfigurations = (
				53C104F3247C0BF700001DEB /* Debug */,
				53C104F4247C0BF700001DEB /* Release */,
			);
			defaultConfigurationIsVisible = 0;
			defaultConfigurationName = Release;
		};
		53C104F5247C0BF700001DEB /* Build configuration list for PBXNativeTarget "NewsAppTests" */ = {
			isa = XCConfigurationList;
			buildConfigurations = (
				53C104F6247C0BF700001DEB /* Debug */,
				53C104F7247C0BF700001DEB /* Release */,
			);
			defaultConfigurationIsVisible = 0;
			defaultConfigurationName = Release;
		};
/* End XCConfigurationList section */
	};
	rootObject = 53C104CB247C0BEE00001DEB /* Project object */;
}
