// !$*UTF8*$!
{
	archiveVersion = 1;
	classes = {
	};
	objectVersion = 51;
	objects = {

/* Begin PBXBuildFile section */
		0B390E42F6B232A0D98E38A8 /* Pods_FoodAppTests.framework in Frameworks */ = {isa = PBXBuildFile; fileRef = C0733EDEFD906196A86C4ED9 /* Pods_FoodAppTests.framework */; };
		531595F5247F3C330002C750 /* CuisineViewController.swift in Sources */ = {isa = PBXBuildFile; fileRef = 531595F4247F3C330002C750 /* CuisineViewController.swift */; };
		531AFB1225507E2500F18EAA /* HomeViewController.swift in Sources */ = {isa = PBXBuildFile; fileRef = 531AFB1125507E2500F18EAA /* HomeViewController.swift */; };
		531AFB1825507E5400F18EAA /* HomeCoordinator.swift in Sources */ = {isa = PBXBuildFile; fileRef = 531AFB1725507E5400F18EAA /* HomeCoordinator.swift */; };
		531AFB1C25507F0F00F18EAA /* HomeViewModel.swift in Sources */ = {isa = PBXBuildFile; fileRef = 531AFB1B25507F0F00F18EAA /* HomeViewModel.swift */; };
		531AFB202550814D00F18EAA /* FirebaseAPI.swift in Sources */ = {isa = PBXBuildFile; fileRef = 531AFB1F2550814D00F18EAA /* FirebaseAPI.swift */; };
		532001E12550AD43007ABC9C /* RecipePreviewTableViewCell.swift in Sources */ = {isa = PBXBuildFile; fileRef = 532001E02550AD43007ABC9C /* RecipePreviewTableViewCell.swift */; };
		5321A94A247F39D600F55FBB /* CuisineCell.xib in Resources */ = {isa = PBXBuildFile; fileRef = 5321A949247F39D600F55FBB /* CuisineCell.xib */; };
		5321A94C247F39DF00F55FBB /* CuisineCell.swift in Sources */ = {isa = PBXBuildFile; fileRef = 5321A94B247F39DF00F55FBB /* CuisineCell.swift */; };
		5321A94E247F3A1A00F55FBB /* InstructionsRequiredCell.swift in Sources */ = {isa = PBXBuildFile; fileRef = 5321A94D247F3A1A00F55FBB /* InstructionsRequiredCell.swift */; };
		5321A950247F3A2800F55FBB /* InstructionsRequiredCell.xib in Resources */ = {isa = PBXBuildFile; fileRef = 5321A94F247F3A2800F55FBB /* InstructionsRequiredCell.xib */; };
		5324DA76254DBE3C00473BA1 /* BlankTableViewCell.swift in Sources */ = {isa = PBXBuildFile; fileRef = 5324DA75254DBE3C00473BA1 /* BlankTableViewCell.swift */; };
		5340046C247F44F900060A12 /* RecipeSearchCoordinator.swift in Sources */ = {isa = PBXBuildFile; fileRef = 5340046B247F44F900060A12 /* RecipeSearchCoordinator.swift */; };
		5340046E247F563400060A12 /* MainCoordinator.swift in Sources */ = {isa = PBXBuildFile; fileRef = 5340046D247F563400060A12 /* MainCoordinator.swift */; };
		535E1BAD2550951D009FEED2 /* FirebaseAPI+TopRecipesSearchResults.swift in Sources */ = {isa = PBXBuildFile; fileRef = 535E1BAC2550951D009FEED2 /* FirebaseAPI+TopRecipesSearchResults.swift */; };
		53659600254F207A005A5DF1 /* FirebaseDataManager.swift in Sources */ = {isa = PBXBuildFile; fileRef = 536595FF254F207A005A5DF1 /* FirebaseDataManager.swift */; };
		53659655254F33C2005A5DF1 /* SpoonacularComplexSearchResponse1.json in Resources */ = {isa = PBXBuildFile; fileRef = 53659654254F33C2005A5DF1 /* SpoonacularComplexSearchResponse1.json */; };
		5365966C254F44EC005A5DF1 /* Firestore+Extension.swift in Sources */ = {isa = PBXBuildFile; fileRef = 5365966B254F44EC005A5DF1 /* Firestore+Extension.swift */; };
		536636A8254C56A300646060 /* LabelCell.swift in Sources */ = {isa = PBXBuildFile; fileRef = 536636A6254C56A200646060 /* LabelCell.swift */; };
		536636A9254C56A300646060 /* ButtonTableViewCell.swift in Sources */ = {isa = PBXBuildFile; fileRef = 536636A7254C56A300646060 /* ButtonTableViewCell.swift */; };
		536636AF254C575100646060 /* TextFieldTableViewCell.swift in Sources */ = {isa = PBXBuildFile; fileRef = 536636AE254C575100646060 /* TextFieldTableViewCell.swift */; };
		53674F3B254CAB5200F53B26 /* CustomTextField.swift in Sources */ = {isa = PBXBuildFile; fileRef = 53674F3A254CAB5200F53B26 /* CustomTextField.swift */; };
		536F7C53247DFFCA0064A1AB /* BaseDataManager.swift in Sources */ = {isa = PBXBuildFile; fileRef = 536F7C52247DFFCA0064A1AB /* BaseDataManager.swift */; };
		537A913B2481B78E00141F20 /* RecipeQueryCell.swift in Sources */ = {isa = PBXBuildFile; fileRef = 537A913A2481B78E00141F20 /* RecipeQueryCell.swift */; };
		537A913D2481B79A00141F20 /* RecipeQueryCell.xib in Resources */ = {isa = PBXBuildFile; fileRef = 537A913C2481B79A00141F20 /* RecipeQueryCell.xib */; };
		537A913F2481C40400141F20 /* SpoonacularAPI+RecipeInformationModel.swift in Sources */ = {isa = PBXBuildFile; fileRef = 537A913E2481C40400141F20 /* SpoonacularAPI+RecipeInformationModel.swift */; };
		537A914224820A6000141F20 /* SpoonacularAPI+RecipeSimilarModel.swift in Sources */ = {isa = PBXBuildFile; fileRef = 537A914124820A6000141F20 /* SpoonacularAPI+RecipeSimilarModel.swift */; };
		537A9144248213FB00141F20 /* RecipeSimilarCell.swift in Sources */ = {isa = PBXBuildFile; fileRef = 537A9143248213FB00141F20 /* RecipeSimilarCell.swift */; };
		537A91462482142600141F20 /* RecipeSimilarCell.xib in Resources */ = {isa = PBXBuildFile; fileRef = 537A91452482142600141F20 /* RecipeSimilarCell.xib */; };
		539EE9A9247CBD87002BED74 /* Extensions.swift in Sources */ = {isa = PBXBuildFile; fileRef = 539EE9A8247CBD87002BED74 /* Extensions.swift */; };
		539EE9AB247CBDB2002BED74 /* Protocols.swift in Sources */ = {isa = PBXBuildFile; fileRef = 539EE9AA247CBDB2002BED74 /* Protocols.swift */; };
		53C104D7247C0BEE00001DEB /* AppDelegate.swift in Sources */ = {isa = PBXBuildFile; fileRef = 53C104D6247C0BEE00001DEB /* AppDelegate.swift */; };
		53C104D9247C0BEE00001DEB /* SceneDelegate.swift in Sources */ = {isa = PBXBuildFile; fileRef = 53C104D8247C0BEE00001DEB /* SceneDelegate.swift */; };
		53C104E0247C0BF700001DEB /* Assets.xcassets in Resources */ = {isa = PBXBuildFile; fileRef = 53C104DF247C0BF700001DEB /* Assets.xcassets */; };
		53C104E3247C0BF700001DEB /* LaunchScreen.storyboard in Resources */ = {isa = PBXBuildFile; fileRef = 53C104E1247C0BF700001DEB /* LaunchScreen.storyboard */; };
		53C104EE247C0BF700001DEB /* FoodAppTests.swift in Sources */ = {isa = PBXBuildFile; fileRef = 53C104ED247C0BF700001DEB /* FoodAppTests.swift */; };
		53C104F9247C0EF800001DEB /* RecipeDataManager.swift in Sources */ = {isa = PBXBuildFile; fileRef = 53C104F8247C0EF800001DEB /* RecipeDataManager.swift */; };
		53C38E98247E209000BD42D4 /* SpoonacularAPI.swift in Sources */ = {isa = PBXBuildFile; fileRef = 53C38E97247E209000BD42D4 /* SpoonacularAPI.swift */; };
		53C38E9D247EA27500BD42D4 /* RecipesViewController.swift in Sources */ = {isa = PBXBuildFile; fileRef = 53C38E9C247EA27500BD42D4 /* RecipesViewController.swift */; };
		53C38E9F247EA27E00BD42D4 /* RecipesViewModel.swift in Sources */ = {isa = PBXBuildFile; fileRef = 53C38E9E247EA27E00BD42D4 /* RecipesViewModel.swift */; };
		53D1719424802EFF0099B8A4 /* SpoonacularAPI+RecipeSearchComplexModel.swift in Sources */ = {isa = PBXBuildFile; fileRef = 53D1719324802EFF0099B8A4 /* SpoonacularAPI+RecipeSearchComplexModel.swift */; };
		53D1719624808F620099B8A4 /* SpoonacularAPI+RecipeIngredientsSearchModel.swift in Sources */ = {isa = PBXBuildFile; fileRef = 53D1719524808F620099B8A4 /* SpoonacularAPI+RecipeIngredientsSearchModel.swift */; };
		53D17198248090710099B8A4 /* SpoonacularAPI+RecipeEquipmentSearchModel.swift in Sources */ = {isa = PBXBuildFile; fileRef = 53D17197248090710099B8A4 /* SpoonacularAPI+RecipeEquipmentSearchModel.swift */; };
		53D1719A248093490099B8A4 /* SpoonacularAPI+ExtractRecipeModel.swift in Sources */ = {isa = PBXBuildFile; fileRef = 53D17199248093490099B8A4 /* SpoonacularAPI+ExtractRecipeModel.swift */; };
		53D1719D2480980D0099B8A4 /* RecipeDetailViewModel.swift in Sources */ = {isa = PBXBuildFile; fileRef = 53D1719C2480980D0099B8A4 /* RecipeDetailViewModel.swift */; };
		53D1719F24809FF60099B8A4 /* RecipeDetailViewController.swift in Sources */ = {isa = PBXBuildFile; fileRef = 53D1719E24809FF60099B8A4 /* RecipeDetailViewController.swift */; };
		53D171A12480A0100099B8A4 /* RecipeDetail.storyboard in Resources */ = {isa = PBXBuildFile; fileRef = 53D171A02480A0100099B8A4 /* RecipeDetail.storyboard */; };
		53D171A32480A1E60099B8A4 /* RecipeDetailHeaderCell.xib in Resources */ = {isa = PBXBuildFile; fileRef = 53D171A22480A1E60099B8A4 /* RecipeDetailHeaderCell.xib */; };
		53D171A52480A1F20099B8A4 /* RecipeDetailHeaderCell.swift in Sources */ = {isa = PBXBuildFile; fileRef = 53D171A42480A1F20099B8A4 /* RecipeDetailHeaderCell.swift */; };
		53D171A72480A2060099B8A4 /* RecipeDetailIngredientCell.swift in Sources */ = {isa = PBXBuildFile; fileRef = 53D171A62480A2060099B8A4 /* RecipeDetailIngredientCell.swift */; };
		53D171A92480A2120099B8A4 /* RecipeDetailIngredientCell.xib in Resources */ = {isa = PBXBuildFile; fileRef = 53D171A82480A2120099B8A4 /* RecipeDetailIngredientCell.xib */; };
		53D171AB2480A21F0099B8A4 /* RecipeDetailInstructionCell.xib in Resources */ = {isa = PBXBuildFile; fileRef = 53D171AA2480A21F0099B8A4 /* RecipeDetailInstructionCell.xib */; };
		53D171AD2480A22C0099B8A4 /* RecipeDetailInstructionCell.swift in Sources */ = {isa = PBXBuildFile; fileRef = 53D171AC2480A22C0099B8A4 /* RecipeDetailInstructionCell.swift */; };
		53DF1F2C248230270034E4AC /* BaseViewController.swift in Sources */ = {isa = PBXBuildFile; fileRef = 53DF1F2B248230270034E4AC /* BaseViewController.swift */; };
		53EA5538254B560400A33807 /* LogonViewController.swift in Sources */ = {isa = PBXBuildFile; fileRef = 53EA5537254B560400A33807 /* LogonViewController.swift */; };
		53EA553E254B5C1100A33807 /* SignUpOptionCell.swift in Sources */ = {isa = PBXBuildFile; fileRef = 53EA553D254B5C1100A33807 /* SignUpOptionCell.swift */; };
		53EA5542254B5EB900A33807 /* SignUpLogoCell.swift in Sources */ = {isa = PBXBuildFile; fileRef = 53EA5541254B5EB900A33807 /* SignUpLogoCell.swift */; };
		53EA5546254B76DE00A33807 /* Constants.swift in Sources */ = {isa = PBXBuildFile; fileRef = 53EA5545254B76DE00A33807 /* Constants.swift */; };
		53EA5556254B8DFB00A33807 /* SignInViewController.swift in Sources */ = {isa = PBXBuildFile; fileRef = 53EA5555254B8DFB00A33807 /* SignInViewController.swift */; };
		53EA555A254B8E0600A33807 /* SignUpViewController.swift in Sources */ = {isa = PBXBuildFile; fileRef = 53EA5559254B8E0600A33807 /* SignUpViewController.swift */; };
		53EA555E254B8E3100A33807 /* LogonCoordinator.swift in Sources */ = {isa = PBXBuildFile; fileRef = 53EA555D254B8E3100A33807 /* LogonCoordinator.swift */; };
		53F47A90247EA74200554A2C /* RecipeCell.xib in Resources */ = {isa = PBXBuildFile; fileRef = 53F47A8F247EA74200554A2C /* RecipeCell.xib */; };
		53F47A92247EA74C00554A2C /* RecipeCell.swift in Sources */ = {isa = PBXBuildFile; fileRef = 53F47A91247EA74C00554A2C /* RecipeCell.swift */; };
		53F47A96247F388000554A2C /* RecipeSearchViewController.swift in Sources */ = {isa = PBXBuildFile; fileRef = 53F47A95247F387F00554A2C /* RecipeSearchViewController.swift */; };
		53F47A9A247F38E300554A2C /* RecipeSearch.storyboard in Resources */ = {isa = PBXBuildFile; fileRef = 53F47A99247F38E300554A2C /* RecipeSearch.storyboard */; };
		5FB9BD1E8294860DAA3E174C /* Pods_FoodApp.framework in Frameworks */ = {isa = PBXBuildFile; fileRef = 08A865AD7C04970A6C21BEC5 /* Pods_FoodApp.framework */; };
		7BF679F9254B44B300E28CDD /* GoogleService-Info.plist in Resources */ = {isa = PBXBuildFile; fileRef = 7BF679F8254B44B200E28CDD /* GoogleService-Info.plist */; };
/* End PBXBuildFile section */

/* Begin PBXContainerItemProxy section */
		53C104EA247C0BF700001DEB /* PBXContainerItemProxy */ = {
			isa = PBXContainerItemProxy;
			containerPortal = 53C104CB247C0BEE00001DEB /* Project object */;
			proxyType = 1;
			remoteGlobalIDString = 53C104D2247C0BEE00001DEB;
			remoteInfo = NewsApp;
		};
/* End PBXContainerItemProxy section */

/* Begin PBXFileReference section */
		08A865AD7C04970A6C21BEC5 /* Pods_FoodApp.framework */ = {isa = PBXFileReference; explicitFileType = wrapper.framework; includeInIndex = 0; path = Pods_FoodApp.framework; sourceTree = BUILT_PRODUCTS_DIR; };
		0B1D5AAE4E252C690B6E8B23 /* Pods-FoodAppTests.release.xcconfig */ = {isa = PBXFileReference; includeInIndex = 1; lastKnownFileType = text.xcconfig; name = "Pods-FoodAppTests.release.xcconfig"; path = "Target Support Files/Pods-FoodAppTests/Pods-FoodAppTests.release.xcconfig"; sourceTree = "<group>"; };
		45052547878A95F51A7DC9C6 /* Pods-FoodApp.debug.xcconfig */ = {isa = PBXFileReference; includeInIndex = 1; lastKnownFileType = text.xcconfig; name = "Pods-FoodApp.debug.xcconfig"; path = "Target Support Files/Pods-FoodApp/Pods-FoodApp.debug.xcconfig"; sourceTree = "<group>"; };
		531595F4247F3C330002C750 /* CuisineViewController.swift */ = {isa = PBXFileReference; lastKnownFileType = sourcecode.swift; path = CuisineViewController.swift; sourceTree = "<group>"; };
		531AFB1125507E2500F18EAA /* HomeViewController.swift */ = {isa = PBXFileReference; lastKnownFileType = sourcecode.swift; path = HomeViewController.swift; sourceTree = "<group>"; };
		531AFB1725507E5400F18EAA /* HomeCoordinator.swift */ = {isa = PBXFileReference; lastKnownFileType = sourcecode.swift; path = HomeCoordinator.swift; sourceTree = "<group>"; };
		531AFB1B25507F0F00F18EAA /* HomeViewModel.swift */ = {isa = PBXFileReference; lastKnownFileType = sourcecode.swift; path = HomeViewModel.swift; sourceTree = "<group>"; };
		531AFB1F2550814D00F18EAA /* FirebaseAPI.swift */ = {isa = PBXFileReference; lastKnownFileType = sourcecode.swift; path = FirebaseAPI.swift; sourceTree = "<group>"; };
		532001E02550AD43007ABC9C /* RecipePreviewTableViewCell.swift */ = {isa = PBXFileReference; lastKnownFileType = sourcecode.swift; path = RecipePreviewTableViewCell.swift; sourceTree = "<group>"; };
		5321A949247F39D600F55FBB /* CuisineCell.xib */ = {isa = PBXFileReference; lastKnownFileType = file.xib; path = CuisineCell.xib; sourceTree = "<group>"; };
		5321A94B247F39DF00F55FBB /* CuisineCell.swift */ = {isa = PBXFileReference; lastKnownFileType = sourcecode.swift; path = CuisineCell.swift; sourceTree = "<group>"; };
		5321A94D247F3A1A00F55FBB /* InstructionsRequiredCell.swift */ = {isa = PBXFileReference; lastKnownFileType = sourcecode.swift; path = InstructionsRequiredCell.swift; sourceTree = "<group>"; };
		5321A94F247F3A2800F55FBB /* InstructionsRequiredCell.xib */ = {isa = PBXFileReference; lastKnownFileType = file.xib; path = InstructionsRequiredCell.xib; sourceTree = "<group>"; };
		5324DA75254DBE3C00473BA1 /* BlankTableViewCell.swift */ = {isa = PBXFileReference; lastKnownFileType = sourcecode.swift; path = BlankTableViewCell.swift; sourceTree = "<group>"; };
		5340046B247F44F900060A12 /* RecipeSearchCoordinator.swift */ = {isa = PBXFileReference; lastKnownFileType = sourcecode.swift; path = RecipeSearchCoordinator.swift; sourceTree = "<group>"; };
		5340046D247F563400060A12 /* MainCoordinator.swift */ = {isa = PBXFileReference; lastKnownFileType = sourcecode.swift; path = MainCoordinator.swift; sourceTree = "<group>"; };
		535E1BAC2550951D009FEED2 /* FirebaseAPI+TopRecipesSearchResults.swift */ = {isa = PBXFileReference; lastKnownFileType = sourcecode.swift; path = "FirebaseAPI+TopRecipesSearchResults.swift"; sourceTree = "<group>"; };
		536595FF254F207A005A5DF1 /* FirebaseDataManager.swift */ = {isa = PBXFileReference; lastKnownFileType = sourcecode.swift; path = FirebaseDataManager.swift; sourceTree = "<group>"; };
		53659654254F33C2005A5DF1 /* SpoonacularComplexSearchResponse1.json */ = {isa = PBXFileReference; lastKnownFileType = text.json; path = SpoonacularComplexSearchResponse1.json; sourceTree = "<group>"; };
		5365966B254F44EC005A5DF1 /* Firestore+Extension.swift */ = {isa = PBXFileReference; lastKnownFileType = sourcecode.swift; path = "Firestore+Extension.swift"; sourceTree = "<group>"; };
		536636A6254C56A200646060 /* LabelCell.swift */ = {isa = PBXFileReference; fileEncoding = 4; lastKnownFileType = sourcecode.swift; path = LabelCell.swift; sourceTree = "<group>"; };
		536636A7254C56A300646060 /* ButtonTableViewCell.swift */ = {isa = PBXFileReference; fileEncoding = 4; lastKnownFileType = sourcecode.swift; path = ButtonTableViewCell.swift; sourceTree = "<group>"; };
		536636AE254C575100646060 /* TextFieldTableViewCell.swift */ = {isa = PBXFileReference; lastKnownFileType = sourcecode.swift; path = TextFieldTableViewCell.swift; sourceTree = "<group>"; };
		53674F3A254CAB5200F53B26 /* CustomTextField.swift */ = {isa = PBXFileReference; lastKnownFileType = sourcecode.swift; path = CustomTextField.swift; sourceTree = "<group>"; };
		536F7C52247DFFCA0064A1AB /* BaseDataManager.swift */ = {isa = PBXFileReference; lastKnownFileType = sourcecode.swift; path = BaseDataManager.swift; sourceTree = "<group>"; };
		537A913A2481B78E00141F20 /* RecipeQueryCell.swift */ = {isa = PBXFileReference; lastKnownFileType = sourcecode.swift; path = RecipeQueryCell.swift; sourceTree = "<group>"; };
		537A913C2481B79A00141F20 /* RecipeQueryCell.xib */ = {isa = PBXFileReference; lastKnownFileType = file.xib; path = RecipeQueryCell.xib; sourceTree = "<group>"; };
		537A913E2481C40400141F20 /* SpoonacularAPI+RecipeInformationModel.swift */ = {isa = PBXFileReference; lastKnownFileType = sourcecode.swift; path = "SpoonacularAPI+RecipeInformationModel.swift"; sourceTree = "<group>"; };
		537A914124820A6000141F20 /* SpoonacularAPI+RecipeSimilarModel.swift */ = {isa = PBXFileReference; lastKnownFileType = sourcecode.swift; path = "SpoonacularAPI+RecipeSimilarModel.swift"; sourceTree = "<group>"; };
		537A9143248213FB00141F20 /* RecipeSimilarCell.swift */ = {isa = PBXFileReference; lastKnownFileType = sourcecode.swift; path = RecipeSimilarCell.swift; sourceTree = "<group>"; };
		537A91452482142600141F20 /* RecipeSimilarCell.xib */ = {isa = PBXFileReference; lastKnownFileType = file.xib; path = RecipeSimilarCell.xib; sourceTree = "<group>"; };
		539EE9A8247CBD87002BED74 /* Extensions.swift */ = {isa = PBXFileReference; lastKnownFileType = sourcecode.swift; path = Extensions.swift; sourceTree = "<group>"; };
		539EE9AA247CBDB2002BED74 /* Protocols.swift */ = {isa = PBXFileReference; lastKnownFileType = sourcecode.swift; path = Protocols.swift; sourceTree = "<group>"; };
		53C104D3247C0BEE00001DEB /* FoodApp.app */ = {isa = PBXFileReference; explicitFileType = wrapper.application; includeInIndex = 0; path = FoodApp.app; sourceTree = BUILT_PRODUCTS_DIR; };
		53C104D6247C0BEE00001DEB /* AppDelegate.swift */ = {isa = PBXFileReference; lastKnownFileType = sourcecode.swift; path = AppDelegate.swift; sourceTree = "<group>"; };
		53C104D8247C0BEE00001DEB /* SceneDelegate.swift */ = {isa = PBXFileReference; lastKnownFileType = sourcecode.swift; path = SceneDelegate.swift; sourceTree = "<group>"; };
		53C104DF247C0BF700001DEB /* Assets.xcassets */ = {isa = PBXFileReference; lastKnownFileType = folder.assetcatalog; path = Assets.xcassets; sourceTree = "<group>"; };
		53C104E2247C0BF700001DEB /* Base */ = {isa = PBXFileReference; lastKnownFileType = file.storyboard; name = Base; path = Base.lproj/LaunchScreen.storyboard; sourceTree = "<group>"; };
		53C104E4247C0BF700001DEB /* Info.plist */ = {isa = PBXFileReference; lastKnownFileType = text.plist.xml; path = Info.plist; sourceTree = "<group>"; };
		53C104E9247C0BF700001DEB /* FoodAppTests.xctest */ = {isa = PBXFileReference; explicitFileType = wrapper.cfbundle; includeInIndex = 0; path = FoodAppTests.xctest; sourceTree = BUILT_PRODUCTS_DIR; };
		53C104ED247C0BF700001DEB /* FoodAppTests.swift */ = {isa = PBXFileReference; lastKnownFileType = sourcecode.swift; path = FoodAppTests.swift; sourceTree = "<group>"; };
		53C104EF247C0BF700001DEB /* Info.plist */ = {isa = PBXFileReference; lastKnownFileType = text.plist.xml; path = Info.plist; sourceTree = "<group>"; };
		53C104F8247C0EF800001DEB /* RecipeDataManager.swift */ = {isa = PBXFileReference; lastKnownFileType = sourcecode.swift; path = RecipeDataManager.swift; sourceTree = "<group>"; };
		53C38E97247E209000BD42D4 /* SpoonacularAPI.swift */ = {isa = PBXFileReference; lastKnownFileType = sourcecode.swift; path = SpoonacularAPI.swift; sourceTree = "<group>"; };
		53C38E9C247EA27500BD42D4 /* RecipesViewController.swift */ = {isa = PBXFileReference; lastKnownFileType = sourcecode.swift; path = RecipesViewController.swift; sourceTree = "<group>"; };
		53C38E9E247EA27E00BD42D4 /* RecipesViewModel.swift */ = {isa = PBXFileReference; lastKnownFileType = sourcecode.swift; path = RecipesViewModel.swift; sourceTree = "<group>"; };
		53D1719324802EFF0099B8A4 /* SpoonacularAPI+RecipeSearchComplexModel.swift */ = {isa = PBXFileReference; lastKnownFileType = sourcecode.swift; path = "SpoonacularAPI+RecipeSearchComplexModel.swift"; sourceTree = "<group>"; };
		53D1719524808F620099B8A4 /* SpoonacularAPI+RecipeIngredientsSearchModel.swift */ = {isa = PBXFileReference; lastKnownFileType = sourcecode.swift; path = "SpoonacularAPI+RecipeIngredientsSearchModel.swift"; sourceTree = "<group>"; };
		53D17197248090710099B8A4 /* SpoonacularAPI+RecipeEquipmentSearchModel.swift */ = {isa = PBXFileReference; lastKnownFileType = sourcecode.swift; path = "SpoonacularAPI+RecipeEquipmentSearchModel.swift"; sourceTree = "<group>"; };
		53D17199248093490099B8A4 /* SpoonacularAPI+ExtractRecipeModel.swift */ = {isa = PBXFileReference; lastKnownFileType = sourcecode.swift; path = "SpoonacularAPI+ExtractRecipeModel.swift"; sourceTree = "<group>"; };
		53D1719C2480980D0099B8A4 /* RecipeDetailViewModel.swift */ = {isa = PBXFileReference; lastKnownFileType = sourcecode.swift; path = RecipeDetailViewModel.swift; sourceTree = "<group>"; };
		53D1719E24809FF60099B8A4 /* RecipeDetailViewController.swift */ = {isa = PBXFileReference; lastKnownFileType = sourcecode.swift; path = RecipeDetailViewController.swift; sourceTree = "<group>"; };
		53D171A02480A0100099B8A4 /* RecipeDetail.storyboard */ = {isa = PBXFileReference; lastKnownFileType = file.storyboard; path = RecipeDetail.storyboard; sourceTree = "<group>"; };
		53D171A22480A1E60099B8A4 /* RecipeDetailHeaderCell.xib */ = {isa = PBXFileReference; lastKnownFileType = file.xib; path = RecipeDetailHeaderCell.xib; sourceTree = "<group>"; };
		53D171A42480A1F20099B8A4 /* RecipeDetailHeaderCell.swift */ = {isa = PBXFileReference; lastKnownFileType = sourcecode.swift; path = RecipeDetailHeaderCell.swift; sourceTree = "<group>"; };
		53D171A62480A2060099B8A4 /* RecipeDetailIngredientCell.swift */ = {isa = PBXFileReference; lastKnownFileType = sourcecode.swift; path = RecipeDetailIngredientCell.swift; sourceTree = "<group>"; };
		53D171A82480A2120099B8A4 /* RecipeDetailIngredientCell.xib */ = {isa = PBXFileReference; lastKnownFileType = file.xib; path = RecipeDetailIngredientCell.xib; sourceTree = "<group>"; };
		53D171AA2480A21F0099B8A4 /* RecipeDetailInstructionCell.xib */ = {isa = PBXFileReference; lastKnownFileType = file.xib; path = RecipeDetailInstructionCell.xib; sourceTree = "<group>"; };
		53D171AC2480A22C0099B8A4 /* RecipeDetailInstructionCell.swift */ = {isa = PBXFileReference; lastKnownFileType = sourcecode.swift; path = RecipeDetailInstructionCell.swift; sourceTree = "<group>"; };
		53DF1F2B248230270034E4AC /* BaseViewController.swift */ = {isa = PBXFileReference; lastKnownFileType = sourcecode.swift; path = BaseViewController.swift; sourceTree = "<group>"; };
		53EA5537254B560400A33807 /* LogonViewController.swift */ = {isa = PBXFileReference; lastKnownFileType = sourcecode.swift; path = LogonViewController.swift; sourceTree = "<group>"; };
		53EA553D254B5C1100A33807 /* SignUpOptionCell.swift */ = {isa = PBXFileReference; lastKnownFileType = sourcecode.swift; path = SignUpOptionCell.swift; sourceTree = "<group>"; };
		53EA5541254B5EB900A33807 /* SignUpLogoCell.swift */ = {isa = PBXFileReference; lastKnownFileType = sourcecode.swift; path = SignUpLogoCell.swift; sourceTree = "<group>"; };
		53EA5545254B76DE00A33807 /* Constants.swift */ = {isa = PBXFileReference; lastKnownFileType = sourcecode.swift; path = Constants.swift; sourceTree = "<group>"; };
		53EA5555254B8DFB00A33807 /* SignInViewController.swift */ = {isa = PBXFileReference; lastKnownFileType = sourcecode.swift; path = SignInViewController.swift; sourceTree = "<group>"; };
		53EA5559254B8E0600A33807 /* SignUpViewController.swift */ = {isa = PBXFileReference; lastKnownFileType = sourcecode.swift; path = SignUpViewController.swift; sourceTree = "<group>"; };
		53EA555D254B8E3100A33807 /* LogonCoordinator.swift */ = {isa = PBXFileReference; lastKnownFileType = sourcecode.swift; path = LogonCoordinator.swift; sourceTree = "<group>"; };
		53F47A8F247EA74200554A2C /* RecipeCell.xib */ = {isa = PBXFileReference; lastKnownFileType = file.xib; path = RecipeCell.xib; sourceTree = "<group>"; };
		53F47A91247EA74C00554A2C /* RecipeCell.swift */ = {isa = PBXFileReference; lastKnownFileType = sourcecode.swift; path = RecipeCell.swift; sourceTree = "<group>"; };
		53F47A95247F387F00554A2C /* RecipeSearchViewController.swift */ = {isa = PBXFileReference; lastKnownFileType = sourcecode.swift; path = RecipeSearchViewController.swift; sourceTree = "<group>"; };
		53F47A99247F38E300554A2C /* RecipeSearch.storyboard */ = {isa = PBXFileReference; lastKnownFileType = file.storyboard; path = RecipeSearch.storyboard; sourceTree = "<group>"; };
		7BB671C2254DF0DE00D74922 /* FoodApp.entitlements */ = {isa = PBXFileReference; lastKnownFileType = text.plist.entitlements; path = FoodApp.entitlements; sourceTree = "<group>"; };
		7BF679F8254B44B200E28CDD /* GoogleService-Info.plist */ = {isa = PBXFileReference; fileEncoding = 4; lastKnownFileType = text.plist.xml; path = "GoogleService-Info.plist"; sourceTree = "<group>"; };
		C0733EDEFD906196A86C4ED9 /* Pods_FoodAppTests.framework */ = {isa = PBXFileReference; explicitFileType = wrapper.framework; includeInIndex = 0; path = Pods_FoodAppTests.framework; sourceTree = BUILT_PRODUCTS_DIR; };
		EDCE86276D3C0040E02C6330 /* Pods-FoodApp.release.xcconfig */ = {isa = PBXFileReference; includeInIndex = 1; lastKnownFileType = text.xcconfig; name = "Pods-FoodApp.release.xcconfig"; path = "Target Support Files/Pods-FoodApp/Pods-FoodApp.release.xcconfig"; sourceTree = "<group>"; };
		F0D49B4EEB45DB4352F50EC9 /* Pods-FoodAppTests.debug.xcconfig */ = {isa = PBXFileReference; includeInIndex = 1; lastKnownFileType = text.xcconfig; name = "Pods-FoodAppTests.debug.xcconfig"; path = "Target Support Files/Pods-FoodAppTests/Pods-FoodAppTests.debug.xcconfig"; sourceTree = "<group>"; };
/* End PBXFileReference section */

/* Begin PBXFrameworksBuildPhase section */
		53C104D0247C0BEE00001DEB /* Frameworks */ = {
			isa = PBXFrameworksBuildPhase;
			buildActionMask = 2147483647;
			files = (
				5FB9BD1E8294860DAA3E174C /* Pods_FoodApp.framework in Frameworks */,
			);
			runOnlyForDeploymentPostprocessing = 0;
		};
		53C104E6247C0BF700001DEB /* Frameworks */ = {
			isa = PBXFrameworksBuildPhase;
			buildActionMask = 2147483647;
			files = (
				0B390E42F6B232A0D98E38A8 /* Pods_FoodAppTests.framework in Frameworks */,
			);
			runOnlyForDeploymentPostprocessing = 0;
		};
/* End PBXFrameworksBuildPhase section */

/* Begin PBXGroup section */
		0905845D16E475E3DA46E1F6 /* Frameworks */ = {
			isa = PBXGroup;
			children = (
				08A865AD7C04970A6C21BEC5 /* Pods_FoodApp.framework */,
				C0733EDEFD906196A86C4ED9 /* Pods_FoodAppTests.framework */,
			);
			name = Frameworks;
			sourceTree = "<group>";
		};
		4D5EE35787807CFACF1ED825 /* Pods */ = {
			isa = PBXGroup;
			children = (
				45052547878A95F51A7DC9C6 /* Pods-FoodApp.debug.xcconfig */,
				EDCE86276D3C0040E02C6330 /* Pods-FoodApp.release.xcconfig */,
				F0D49B4EEB45DB4352F50EC9 /* Pods-FoodAppTests.debug.xcconfig */,
				0B1D5AAE4E252C690B6E8B23 /* Pods-FoodAppTests.release.xcconfig */,
			);
			path = Pods;
			sourceTree = "<group>";
		};
		531595F6247F3EAA0002C750 /* CuisinesPicker */ = {
			isa = PBXGroup;
			children = (
				531595F4247F3C330002C750 /* CuisineViewController.swift */,
				5321A949247F39D600F55FBB /* CuisineCell.xib */,
				5321A94B247F39DF00F55FBB /* CuisineCell.swift */,
			);
			path = CuisinesPicker;
			sourceTree = "<group>";
		};
		531AFB1025507E1700F18EAA /* Home */ = {
			isa = PBXGroup;
			children = (
				531AFB1125507E2500F18EAA /* HomeViewController.swift */,
				531AFB1725507E5400F18EAA /* HomeCoordinator.swift */,
				531AFB1B25507F0F00F18EAA /* HomeViewModel.swift */,
			);
			path = Home;
			sourceTree = "<group>";
		};
		535E1BB025509530009FEED2 /* FirebaseAPI */ = {
			isa = PBXGroup;
			children = (
				531AFB1F2550814D00F18EAA /* FirebaseAPI.swift */,
				535E1BAC2550951D009FEED2 /* FirebaseAPI+TopRecipesSearchResults.swift */,
			);
			path = FirebaseAPI;
			sourceTree = "<group>";
		};
		5365964B254F337E005A5DF1 /* Resources */ = {
			isa = PBXGroup;
			children = (
				53659654254F33C2005A5DF1 /* SpoonacularComplexSearchResponse1.json */,
			);
			path = Resources;
			sourceTree = "<group>";
		};
		53659661254F44BF005A5DF1 /* Extensions */ = {
			isa = PBXGroup;
			children = (
				539EE9A8247CBD87002BED74 /* Extensions.swift */,
				5365966A254F44E0005A5DF1 /* Firebase */,
			);
			path = Extensions;
			sourceTree = "<group>";
		};
		5365966A254F44E0005A5DF1 /* Firebase */ = {
			isa = PBXGroup;
			children = (
				5365966B254F44EC005A5DF1 /* Firestore+Extension.swift */,
			);
			path = Firebase;
			sourceTree = "<group>";
		};
		53674F3E254CAB7700F53B26 /* View */ = {
			isa = PBXGroup;
			children = (
				536636AE254C575100646060 /* TextFieldTableViewCell.swift */,
				53674F3A254CAB5200F53B26 /* CustomTextField.swift */,
				536636A7254C56A300646060 /* ButtonTableViewCell.swift */,
				536636A6254C56A200646060 /* LabelCell.swift */,
				5324DA75254DBE3C00473BA1 /* BlankTableViewCell.swift */,
				532001E02550AD43007ABC9C /* RecipePreviewTableViewCell.swift */,
			);
			path = View;
			sourceTree = "<group>";
		};
		536F7C4F247DFF920064A1AB /* DataManager */ = {
			isa = PBXGroup;
			children = (
				536F7C52247DFFCA0064A1AB /* BaseDataManager.swift */,
				53C104F8247C0EF800001DEB /* RecipeDataManager.swift */,
				536595FF254F207A005A5DF1 /* FirebaseDataManager.swift */,
				536F7C54247E016B0064A1AB /* API */,
			);
			path = DataManager;
			sourceTree = "<group>";
		};
		536F7C54247E016B0064A1AB /* API */ = {
			isa = PBXGroup;
			children = (
				535E1BB025509530009FEED2 /* FirebaseAPI */,
				53C38E96247E207100BD42D4 /* SpoonacularAPI */,
			);
			path = API;
			sourceTree = "<group>";
		};
		537A914924822B3E00141F20 /* Coordinator */ = {
			isa = PBXGroup;
			children = (
				5340046B247F44F900060A12 /* RecipeSearchCoordinator.swift */,
			);
			path = Coordinator;
			sourceTree = "<group>";
		};
		537A914A24822B5600141F20 /* Views */ = {
			isa = PBXGroup;
			children = (
				53F47A95247F387F00554A2C /* RecipeSearchViewController.swift */,
				537A914B24822B8500141F20 /* Cell */,
				531595F6247F3EAA0002C750 /* CuisinesPicker */,
			);
			path = Views;
			sourceTree = "<group>";
		};
		537A914B24822B8500141F20 /* Cell */ = {
			isa = PBXGroup;
			children = (
				5321A94D247F3A1A00F55FBB /* InstructionsRequiredCell.swift */,
				5321A94F247F3A2800F55FBB /* InstructionsRequiredCell.xib */,
				537A913A2481B78E00141F20 /* RecipeQueryCell.swift */,
				537A913C2481B79A00141F20 /* RecipeQueryCell.xib */,
			);
			path = Cell;
			sourceTree = "<group>";
		};
		537A914C24822BE200141F20 /* ViewModel */ = {
			isa = PBXGroup;
			children = (
				53C38E9E247EA27E00BD42D4 /* RecipesViewModel.swift */,
			);
			path = ViewModel;
			sourceTree = "<group>";
		};
		537A914D24822BED00141F20 /* Views */ = {
			isa = PBXGroup;
			children = (
				53C38E9C247EA27500BD42D4 /* RecipesViewController.swift */,
				537A914E24822BF300141F20 /* Cell */,
			);
			path = Views;
			sourceTree = "<group>";
		};
		537A914E24822BF300141F20 /* Cell */ = {
			isa = PBXGroup;
			children = (
				53F47A8F247EA74200554A2C /* RecipeCell.xib */,
				53F47A91247EA74C00554A2C /* RecipeCell.swift */,
			);
			path = Cell;
			sourceTree = "<group>";
		};
		539EE9A4247CBD56002BED74 /* Base */ = {
			isa = PBXGroup;
			children = (
				53674F3E254CAB7700F53B26 /* View */,
				53DF1F2B248230270034E4AC /* BaseViewController.swift */,
				536F7C4F247DFF920064A1AB /* DataManager */,
			);
			path = Base;
			sourceTree = "<group>";
		};
		539EE9A7247CBD77002BED74 /* Utility */ = {
			isa = PBXGroup;
			children = (
				539EE9AA247CBDB2002BED74 /* Protocols.swift */,
				53EA5545254B76DE00A33807 /* Constants.swift */,
				53659661254F44BF005A5DF1 /* Extensions */,
			);
			path = Utility;
			sourceTree = "<group>";
		};
		53C104CA247C0BEE00001DEB = {
			isa = PBXGroup;
			children = (
				53C104D5247C0BEE00001DEB /* FoodApp */,
				53C104EC247C0BF700001DEB /* FoodAppTests */,
				53C104D4247C0BEE00001DEB /* Products */,
				4D5EE35787807CFACF1ED825 /* Pods */,
				0905845D16E475E3DA46E1F6 /* Frameworks */,
			);
			sourceTree = "<group>";
		};
		53C104D4247C0BEE00001DEB /* Products */ = {
			isa = PBXGroup;
			children = (
				53C104D3247C0BEE00001DEB /* FoodApp.app */,
				53C104E9247C0BF700001DEB /* FoodAppTests.xctest */,
			);
			name = Products;
			sourceTree = "<group>";
		};
		53C104D5247C0BEE00001DEB /* FoodApp */ = {
			isa = PBXGroup;
			children = (
				531AFB1025507E1700F18EAA /* Home */,
				5365964B254F337E005A5DF1 /* Resources */,
				7BB671C2254DF0DE00D74922 /* FoodApp.entitlements */,
				5340046D247F563400060A12 /* MainCoordinator.swift */,
				53C104D6247C0BEE00001DEB /* AppDelegate.swift */,
				53C104D8247C0BEE00001DEB /* SceneDelegate.swift */,
				53EA5536254B55D800A33807 /* Auth */,
				539EE9A4247CBD56002BED74 /* Base */,
				53C38E9B247EA26600BD42D4 /* Recipes */,
				539EE9A7247CBD77002BED74 /* Utility */,
				53C104DF247C0BF700001DEB /* Assets.xcassets */,
				53C104E1247C0BF700001DEB /* LaunchScreen.storyboard */,
				53C104E4247C0BF700001DEB /* Info.plist */,
				7BF679F8254B44B200E28CDD /* GoogleService-Info.plist */,
			);
			path = FoodApp;
			sourceTree = "<group>";
		};
		53C104EC247C0BF700001DEB /* FoodAppTests */ = {
			isa = PBXGroup;
			children = (
				53C104ED247C0BF700001DEB /* FoodAppTests.swift */,
				53C104EF247C0BF700001DEB /* Info.plist */,
			);
			path = FoodAppTests;
			sourceTree = "<group>";
		};
		53C38E96247E207100BD42D4 /* SpoonacularAPI */ = {
			isa = PBXGroup;
			children = (
				53C38E97247E209000BD42D4 /* SpoonacularAPI.swift */,
				53D1719324802EFF0099B8A4 /* SpoonacularAPI+RecipeSearchComplexModel.swift */,
				53D1719524808F620099B8A4 /* SpoonacularAPI+RecipeIngredientsSearchModel.swift */,
				53D17197248090710099B8A4 /* SpoonacularAPI+RecipeEquipmentSearchModel.swift */,
				53D17199248093490099B8A4 /* SpoonacularAPI+ExtractRecipeModel.swift */,
				537A913E2481C40400141F20 /* SpoonacularAPI+RecipeInformationModel.swift */,
				537A914124820A6000141F20 /* SpoonacularAPI+RecipeSimilarModel.swift */,
			);
			path = SpoonacularAPI;
			sourceTree = "<group>";
		};
		53C38E9B247EA26600BD42D4 /* Recipes */ = {
			isa = PBXGroup;
			children = (
				53F47A97247F389B00554A2C /* RecipeSearch */,
				53F47A98247F38A200554A2C /* RecipeList */,
				53D1719B248097FD0099B8A4 /* RecipeDetail */,
			);
			path = Recipes;
			sourceTree = "<group>";
		};
		53D1719B248097FD0099B8A4 /* RecipeDetail */ = {
			isa = PBXGroup;
			children = (
				53D171AE2480A2330099B8A4 /* Cell */,
				53D1719C2480980D0099B8A4 /* RecipeDetailViewModel.swift */,
				53D1719E24809FF60099B8A4 /* RecipeDetailViewController.swift */,
				53D171A02480A0100099B8A4 /* RecipeDetail.storyboard */,
			);
			path = RecipeDetail;
			sourceTree = "<group>";
		};
		53D171AE2480A2330099B8A4 /* Cell */ = {
			isa = PBXGroup;
			children = (
				53D171A22480A1E60099B8A4 /* RecipeDetailHeaderCell.xib */,
				53D171A42480A1F20099B8A4 /* RecipeDetailHeaderCell.swift */,
				53D171A62480A2060099B8A4 /* RecipeDetailIngredientCell.swift */,
				53D171A82480A2120099B8A4 /* RecipeDetailIngredientCell.xib */,
				53D171AA2480A21F0099B8A4 /* RecipeDetailInstructionCell.xib */,
				53D171AC2480A22C0099B8A4 /* RecipeDetailInstructionCell.swift */,
				537A9143248213FB00141F20 /* RecipeSimilarCell.swift */,
				537A91452482142600141F20 /* RecipeSimilarCell.xib */,
			);
			path = Cell;
			sourceTree = "<group>";
		};
		53EA5536254B55D800A33807 /* Auth */ = {
			isa = PBXGroup;
			children = (
				53EA5561254B900600A33807 /* Coordinator */,
				53EA5562254B900D00A33807 /* ViewController */,
				53EA553D254B5C1100A33807 /* SignUpOptionCell.swift */,
				53EA5541254B5EB900A33807 /* SignUpLogoCell.swift */,
			);
			path = Auth;
			sourceTree = "<group>";
		};
		53EA5561254B900600A33807 /* Coordinator */ = {
			isa = PBXGroup;
			children = (
				53EA555D254B8E3100A33807 /* LogonCoordinator.swift */,
			);
			path = Coordinator;
			sourceTree = "<group>";
		};
		53EA5562254B900D00A33807 /* ViewController */ = {
			isa = PBXGroup;
			children = (
				53EA5537254B560400A33807 /* LogonViewController.swift */,
				53EA5555254B8DFB00A33807 /* SignInViewController.swift */,
				53EA5559254B8E0600A33807 /* SignUpViewController.swift */,
			);
			path = ViewController;
			sourceTree = "<group>";
		};
		53F47A97247F389B00554A2C /* RecipeSearch */ = {
			isa = PBXGroup;
			children = (
				53F47A99247F38E300554A2C /* RecipeSearch.storyboard */,
				537A914924822B3E00141F20 /* Coordinator */,
				537A914A24822B5600141F20 /* Views */,
			);
			path = RecipeSearch;
			sourceTree = "<group>";
		};
		53F47A98247F38A200554A2C /* RecipeList */ = {
			isa = PBXGroup;
			children = (
				537A914D24822BED00141F20 /* Views */,
				537A914C24822BE200141F20 /* ViewModel */,
			);
			path = RecipeList;
			sourceTree = "<group>";
		};
/* End PBXGroup section */

/* Begin PBXNativeTarget section */
		53C104D2247C0BEE00001DEB /* FoodApp */ = {
			isa = PBXNativeTarget;
			buildConfigurationList = 53C104F2247C0BF700001DEB /* Build configuration list for PBXNativeTarget "FoodApp" */;
			buildPhases = (
				C855D184FDD764811CED67A0 /* [CP] Check Pods Manifest.lock */,
				53C104CF247C0BEE00001DEB /* Sources */,
				53C104D0247C0BEE00001DEB /* Frameworks */,
				53C104D1247C0BEE00001DEB /* Resources */,
				9C34DC3827A8ECF8DC72AB46 /* [CP] Embed Pods Frameworks */,
				707CDEC2D074F456B1A80B5E /* [CP] Copy Pods Resources */,
			);
			buildRules = (
			);
			dependencies = (
			);
			name = FoodApp;
			productName = NewsApp;
			productReference = 53C104D3247C0BEE00001DEB /* FoodApp.app */;
			productType = "com.apple.product-type.application";
		};
		53C104E8247C0BF700001DEB /* FoodAppTests */ = {
			isa = PBXNativeTarget;
			buildConfigurationList = 53C104F5247C0BF700001DEB /* Build configuration list for PBXNativeTarget "FoodAppTests" */;
			buildPhases = (
				D3EF2F2D0D4434DF3B78D75C /* [CP] Check Pods Manifest.lock */,
				53C104E5247C0BF700001DEB /* Sources */,
				53C104E6247C0BF700001DEB /* Frameworks */,
				53C104E7247C0BF700001DEB /* Resources */,
			);
			buildRules = (
			);
			dependencies = (
				53C104EB247C0BF700001DEB /* PBXTargetDependency */,
			);
			name = FoodAppTests;
			productName = NewsAppTests;
			productReference = 53C104E9247C0BF700001DEB /* FoodAppTests.xctest */;
			productType = "com.apple.product-type.bundle.unit-test";
		};
/* End PBXNativeTarget section */

/* Begin PBXProject section */
		53C104CB247C0BEE00001DEB /* Project object */ = {
			isa = PBXProject;
			attributes = {
				LastSwiftUpdateCheck = 1120;
				LastUpgradeCheck = 1120;
				ORGANIZATIONNAME = "Ernest DeFoy";
				TargetAttributes = {
					53C104D2247C0BEE00001DEB = {
						CreatedOnToolsVersion = 11.2.1;
					};
					53C104E8247C0BF700001DEB = {
						CreatedOnToolsVersion = 11.2.1;
						TestTargetID = 53C104D2247C0BEE00001DEB;
					};
				};
			};
			buildConfigurationList = 53C104CE247C0BEE00001DEB /* Build configuration list for PBXProject "FoodApp" */;
			compatibilityVersion = "Xcode 9.3";
			developmentRegion = en;
			hasScannedForEncodings = 0;
			knownRegions = (
				en,
				Base,
			);
			mainGroup = 53C104CA247C0BEE00001DEB;
			productRefGroup = 53C104D4247C0BEE00001DEB /* Products */;
			projectDirPath = "";
			projectRoot = "";
			targets = (
				53C104D2247C0BEE00001DEB /* FoodApp */,
				53C104E8247C0BF700001DEB /* FoodAppTests */,
			);
		};
/* End PBXProject section */

/* Begin PBXResourcesBuildPhase section */
		53C104D1247C0BEE00001DEB /* Resources */ = {
			isa = PBXResourcesBuildPhase;
			buildActionMask = 2147483647;
			files = (
				7BF679F9254B44B300E28CDD /* GoogleService-Info.plist in Resources */,
				53F47A9A247F38E300554A2C /* RecipeSearch.storyboard in Resources */,
				537A91462482142600141F20 /* RecipeSimilarCell.xib in Resources */,
				53D171A12480A0100099B8A4 /* RecipeDetail.storyboard in Resources */,
				537A913D2481B79A00141F20 /* RecipeQueryCell.xib in Resources */,
				53C104E3247C0BF700001DEB /* LaunchScreen.storyboard in Resources */,
				53D171A32480A1E60099B8A4 /* RecipeDetailHeaderCell.xib in Resources */,
				5321A94A247F39D600F55FBB /* CuisineCell.xib in Resources */,
				53D171A92480A2120099B8A4 /* RecipeDetailIngredientCell.xib in Resources */,
				53F47A90247EA74200554A2C /* RecipeCell.xib in Resources */,
				53D171AB2480A21F0099B8A4 /* RecipeDetailInstructionCell.xib in Resources */,
				53659655254F33C2005A5DF1 /* SpoonacularComplexSearchResponse1.json in Resources */,
				5321A950247F3A2800F55FBB /* InstructionsRequiredCell.xib in Resources */,
				53C104E0247C0BF700001DEB /* Assets.xcassets in Resources */,
			);
			runOnlyForDeploymentPostprocessing = 0;
		};
		53C104E7247C0BF700001DEB /* Resources */ = {
			isa = PBXResourcesBuildPhase;
			buildActionMask = 2147483647;
			files = (
			);
			runOnlyForDeploymentPostprocessing = 0;
		};
/* End PBXResourcesBuildPhase section */

/* Begin PBXShellScriptBuildPhase section */
		707CDEC2D074F456B1A80B5E /* [CP] Copy Pods Resources */ = {
			isa = PBXShellScriptBuildPhase;
			buildActionMask = 2147483647;
			files = (
			);
			inputFileListPaths = (
				"${PODS_ROOT}/Target Support Files/Pods-FoodApp/Pods-FoodApp-resources-${CONFIGURATION}-input-files.xcfilelist",
			);
			name = "[CP] Copy Pods Resources";
			outputFileListPaths = (
				"${PODS_ROOT}/Target Support Files/Pods-FoodApp/Pods-FoodApp-resources-${CONFIGURATION}-output-files.xcfilelist",
			);
			runOnlyForDeploymentPostprocessing = 0;
			shellPath = /bin/sh;
			shellScript = "\"${PODS_ROOT}/Target Support Files/Pods-FoodApp/Pods-FoodApp-resources.sh\"\n";
			showEnvVarsInLog = 0;
		};
		9C34DC3827A8ECF8DC72AB46 /* [CP] Embed Pods Frameworks */ = {
			isa = PBXShellScriptBuildPhase;
			buildActionMask = 2147483647;
			files = (
			);
			inputFileListPaths = (
				"${PODS_ROOT}/Target Support Files/Pods-FoodApp/Pods-FoodApp-frameworks-${CONFIGURATION}-input-files.xcfilelist",
			);
			name = "[CP] Embed Pods Frameworks";
			outputFileListPaths = (
				"${PODS_ROOT}/Target Support Files/Pods-FoodApp/Pods-FoodApp-frameworks-${CONFIGURATION}-output-files.xcfilelist",
			);
			runOnlyForDeploymentPostprocessing = 0;
			shellPath = /bin/sh;
			shellScript = "\"${PODS_ROOT}/Target Support Files/Pods-FoodApp/Pods-FoodApp-frameworks.sh\"\n";
			showEnvVarsInLog = 0;
		};
		C855D184FDD764811CED67A0 /* [CP] Check Pods Manifest.lock */ = {
			isa = PBXShellScriptBuildPhase;
			buildActionMask = 2147483647;
			files = (
			);
			inputFileListPaths = (
			);
			inputPaths = (
				"${PODS_PODFILE_DIR_PATH}/Podfile.lock",
				"${PODS_ROOT}/Manifest.lock",
			);
			name = "[CP] Check Pods Manifest.lock";
			outputFileListPaths = (
			);
			outputPaths = (
				"$(DERIVED_FILE_DIR)/Pods-FoodApp-checkManifestLockResult.txt",
			);
			runOnlyForDeploymentPostprocessing = 0;
			shellPath = /bin/sh;
			shellScript = "diff \"${PODS_PODFILE_DIR_PATH}/Podfile.lock\" \"${PODS_ROOT}/Manifest.lock\" > /dev/null\nif [ $? != 0 ] ; then\n    # print error to STDERR\n    echo \"error: The sandbox is not in sync with the Podfile.lock. Run 'pod install' or update your CocoaPods installation.\" >&2\n    exit 1\nfi\n# This output is used by Xcode 'outputs' to avoid re-running this script phase.\necho \"SUCCESS\" > \"${SCRIPT_OUTPUT_FILE_0}\"\n";
			showEnvVarsInLog = 0;
		};
		D3EF2F2D0D4434DF3B78D75C /* [CP] Check Pods Manifest.lock */ = {
			isa = PBXShellScriptBuildPhase;
			buildActionMask = 2147483647;
			files = (
			);
			inputFileListPaths = (
			);
			inputPaths = (
				"${PODS_PODFILE_DIR_PATH}/Podfile.lock",
				"${PODS_ROOT}/Manifest.lock",
			);
			name = "[CP] Check Pods Manifest.lock";
			outputFileListPaths = (
			);
			outputPaths = (
				"$(DERIVED_FILE_DIR)/Pods-FoodAppTests-checkManifestLockResult.txt",
			);
			runOnlyForDeploymentPostprocessing = 0;
			shellPath = /bin/sh;
			shellScript = "diff \"${PODS_PODFILE_DIR_PATH}/Podfile.lock\" \"${PODS_ROOT}/Manifest.lock\" > /dev/null\nif [ $? != 0 ] ; then\n    # print error to STDERR\n    echo \"error: The sandbox is not in sync with the Podfile.lock. Run 'pod install' or update your CocoaPods installation.\" >&2\n    exit 1\nfi\n# This output is used by Xcode 'outputs' to avoid re-running this script phase.\necho \"SUCCESS\" > \"${SCRIPT_OUTPUT_FILE_0}\"\n";
			showEnvVarsInLog = 0;
		};
/* End PBXShellScriptBuildPhase section */

/* Begin PBXSourcesBuildPhase section */
		53C104CF247C0BEE00001DEB /* Sources */ = {
			isa = PBXSourcesBuildPhase;
			buildActionMask = 2147483647;
			files = (
				53F47A92247EA74C00554A2C /* RecipeCell.swift in Sources */,
				53D1719D2480980D0099B8A4 /* RecipeDetailViewModel.swift in Sources */,
				53EA5542254B5EB900A33807 /* SignUpLogoCell.swift in Sources */,
				5365966C254F44EC005A5DF1 /* Firestore+Extension.swift in Sources */,
				531595F5247F3C330002C750 /* CuisineViewController.swift in Sources */,
				531AFB1825507E5400F18EAA /* HomeCoordinator.swift in Sources */,
				536636A8254C56A300646060 /* LabelCell.swift in Sources */,
				5321A94E247F3A1A00F55FBB /* InstructionsRequiredCell.swift in Sources */,
				53C38E9F247EA27E00BD42D4 /* RecipesViewModel.swift in Sources */,
				537A914224820A6000141F20 /* SpoonacularAPI+RecipeSimilarModel.swift in Sources */,
				53EA5546254B76DE00A33807 /* Constants.swift in Sources */,
				536636AF254C575100646060 /* TextFieldTableViewCell.swift in Sources */,
				53D1719424802EFF0099B8A4 /* SpoonacularAPI+RecipeSearchComplexModel.swift in Sources */,
				5324DA76254DBE3C00473BA1 /* BlankTableViewCell.swift in Sources */,
				53DF1F2C248230270034E4AC /* BaseViewController.swift in Sources */,
				537A913B2481B78E00141F20 /* RecipeQueryCell.swift in Sources */,
				53C104F9247C0EF800001DEB /* RecipeDataManager.swift in Sources */,
				53674F3B254CAB5200F53B26 /* CustomTextField.swift in Sources */,
				53D17198248090710099B8A4 /* SpoonacularAPI+RecipeEquipmentSearchModel.swift in Sources */,
				531AFB1C25507F0F00F18EAA /* HomeViewModel.swift in Sources */,
				53D1719A248093490099B8A4 /* SpoonacularAPI+ExtractRecipeModel.swift in Sources */,
				537A913F2481C40400141F20 /* SpoonacularAPI+RecipeInformationModel.swift in Sources */,
				532001E12550AD43007ABC9C /* RecipePreviewTableViewCell.swift in Sources */,
				539EE9AB247CBDB2002BED74 /* Protocols.swift in Sources */,
				536F7C53247DFFCA0064A1AB /* BaseDataManager.swift in Sources */,
				537A9144248213FB00141F20 /* RecipeSimilarCell.swift in Sources */,
				539EE9A9247CBD87002BED74 /* Extensions.swift in Sources */,
				53EA5538254B560400A33807 /* LogonViewController.swift in Sources */,
				53F47A96247F388000554A2C /* RecipeSearchViewController.swift in Sources */,
				536636A9254C56A300646060 /* ButtonTableViewCell.swift in Sources */,
				53D1719F24809FF60099B8A4 /* RecipeDetailViewController.swift in Sources */,
				53D171A52480A1F20099B8A4 /* RecipeDetailHeaderCell.swift in Sources */,
				531AFB1225507E2500F18EAA /* HomeViewController.swift in Sources */,
				5340046E247F563400060A12 /* MainCoordinator.swift in Sources */,
				53EA555A254B8E0600A33807 /* SignUpViewController.swift in Sources */,
				53D171AD2480A22C0099B8A4 /* RecipeDetailInstructionCell.swift in Sources */,
				53C38E9D247EA27500BD42D4 /* RecipesViewController.swift in Sources */,
				53D171A72480A2060099B8A4 /* RecipeDetailIngredientCell.swift in Sources */,
				53EA5556254B8DFB00A33807 /* SignInViewController.swift in Sources */,
				53C104D7247C0BEE00001DEB /* AppDelegate.swift in Sources */,
				5340046C247F44F900060A12 /* RecipeSearchCoordinator.swift in Sources */,
				535E1BAD2550951D009FEED2 /* FirebaseAPI+TopRecipesSearchResults.swift in Sources */,
				53EA555E254B8E3100A33807 /* LogonCoordinator.swift in Sources */,
				531AFB202550814D00F18EAA /* FirebaseAPI.swift in Sources */,
				53659600254F207A005A5DF1 /* FirebaseDataManager.swift in Sources */,
				5321A94C247F39DF00F55FBB /* CuisineCell.swift in Sources */,
				53C38E98247E209000BD42D4 /* SpoonacularAPI.swift in Sources */,
				53D1719624808F620099B8A4 /* SpoonacularAPI+RecipeIngredientsSearchModel.swift in Sources */,
				53C104D9247C0BEE00001DEB /* SceneDelegate.swift in Sources */,
				53EA553E254B5C1100A33807 /* SignUpOptionCell.swift in Sources */,
			);
			runOnlyForDeploymentPostprocessing = 0;
		};
		53C104E5247C0BF700001DEB /* Sources */ = {
			isa = PBXSourcesBuildPhase;
			buildActionMask = 2147483647;
			files = (
				53C104EE247C0BF700001DEB /* FoodAppTests.swift in Sources */,
			);
			runOnlyForDeploymentPostprocessing = 0;
		};
/* End PBXSourcesBuildPhase section */

/* Begin PBXTargetDependency section */
		53C104EB247C0BF700001DEB /* PBXTargetDependency */ = {
			isa = PBXTargetDependency;
			target = 53C104D2247C0BEE00001DEB /* FoodApp */;
			targetProxy = 53C104EA247C0BF700001DEB /* PBXContainerItemProxy */;
		};
/* End PBXTargetDependency section */

/* Begin PBXVariantGroup section */
		53C104E1247C0BF700001DEB /* LaunchScreen.storyboard */ = {
			isa = PBXVariantGroup;
			children = (
				53C104E2247C0BF700001DEB /* Base */,
			);
			name = LaunchScreen.storyboard;
			sourceTree = "<group>";
		};
/* End PBXVariantGroup section */

/* Begin XCBuildConfiguration section */
		53C104F0247C0BF700001DEB /* Debug */ = {
			isa = XCBuildConfiguration;
			buildSettings = {
				ALWAYS_SEARCH_USER_PATHS = NO;
				CLANG_ANALYZER_NONNULL = YES;
				CLANG_ANALYZER_NUMBER_OBJECT_CONVERSION = YES_AGGRESSIVE;
				CLANG_CXX_LANGUAGE_STANDARD = "gnu++14";
				CLANG_CXX_LIBRARY = "libc++";
				CLANG_ENABLE_MODULES = YES;
				CLANG_ENABLE_OBJC_ARC = YES;
				CLANG_ENABLE_OBJC_WEAK = YES;
				CLANG_WARN_BLOCK_CAPTURE_AUTORELEASING = YES;
				CLANG_WARN_BOOL_CONVERSION = YES;
				CLANG_WARN_COMMA = YES;
				CLANG_WARN_CONSTANT_CONVERSION = YES;
				CLANG_WARN_DEPRECATED_OBJC_IMPLEMENTATIONS = YES;
				CLANG_WARN_DIRECT_OBJC_ISA_USAGE = YES_ERROR;
				CLANG_WARN_DOCUMENTATION_COMMENTS = YES;
				CLANG_WARN_EMPTY_BODY = YES;
				CLANG_WARN_ENUM_CONVERSION = YES;
				CLANG_WARN_INFINITE_RECURSION = YES;
				CLANG_WARN_INT_CONVERSION = YES;
				CLANG_WARN_NON_LITERAL_NULL_CONVERSION = YES;
				CLANG_WARN_OBJC_IMPLICIT_RETAIN_SELF = YES;
				CLANG_WARN_OBJC_LITERAL_CONVERSION = YES;
				CLANG_WARN_OBJC_ROOT_CLASS = YES_ERROR;
				CLANG_WARN_RANGE_LOOP_ANALYSIS = YES;
				CLANG_WARN_STRICT_PROTOTYPES = YES;
				CLANG_WARN_SUSPICIOUS_MOVE = YES;
				CLANG_WARN_UNGUARDED_AVAILABILITY = YES_AGGRESSIVE;
				CLANG_WARN_UNREACHABLE_CODE = YES;
				CLANG_WARN__DUPLICATE_METHOD_MATCH = YES;
				COPY_PHASE_STRIP = NO;
				DEBUG_INFORMATION_FORMAT = dwarf;
				ENABLE_STRICT_OBJC_MSGSEND = YES;
				ENABLE_TESTABILITY = YES;
				GCC_C_LANGUAGE_STANDARD = gnu11;
				GCC_DYNAMIC_NO_PIC = NO;
				GCC_NO_COMMON_BLOCKS = YES;
				GCC_OPTIMIZATION_LEVEL = 0;
				GCC_PREPROCESSOR_DEFINITIONS = (
					"DEBUG=1",
					"$(inherited)",
				);
				GCC_WARN_64_TO_32_BIT_CONVERSION = YES;
				GCC_WARN_ABOUT_RETURN_TYPE = YES_ERROR;
				GCC_WARN_UNDECLARED_SELECTOR = YES;
				GCC_WARN_UNINITIALIZED_AUTOS = YES_AGGRESSIVE;
				GCC_WARN_UNUSED_FUNCTION = YES;
				GCC_WARN_UNUSED_VARIABLE = YES;
				IPHONEOS_DEPLOYMENT_TARGET = 13.2;
				MTL_ENABLE_DEBUG_INFO = INCLUDE_SOURCE;
				MTL_FAST_MATH = YES;
				ONLY_ACTIVE_ARCH = YES;
				SDKROOT = iphoneos;
				SWIFT_ACTIVE_COMPILATION_CONDITIONS = DEBUG;
				SWIFT_OPTIMIZATION_LEVEL = "-Onone";
			};
			name = Debug;
		};
		53C104F1247C0BF700001DEB /* Release */ = {
			isa = XCBuildConfiguration;
			buildSettings = {
				ALWAYS_SEARCH_USER_PATHS = NO;
				CLANG_ANALYZER_NONNULL = YES;
				CLANG_ANALYZER_NUMBER_OBJECT_CONVERSION = YES_AGGRESSIVE;
				CLANG_CXX_LANGUAGE_STANDARD = "gnu++14";
				CLANG_CXX_LIBRARY = "libc++";
				CLANG_ENABLE_MODULES = YES;
				CLANG_ENABLE_OBJC_ARC = YES;
				CLANG_ENABLE_OBJC_WEAK = YES;
				CLANG_WARN_BLOCK_CAPTURE_AUTORELEASING = YES;
				CLANG_WARN_BOOL_CONVERSION = YES;
				CLANG_WARN_COMMA = YES;
				CLANG_WARN_CONSTANT_CONVERSION = YES;
				CLANG_WARN_DEPRECATED_OBJC_IMPLEMENTATIONS = YES;
				CLANG_WARN_DIRECT_OBJC_ISA_USAGE = YES_ERROR;
				CLANG_WARN_DOCUMENTATION_COMMENTS = YES;
				CLANG_WARN_EMPTY_BODY = YES;
				CLANG_WARN_ENUM_CONVERSION = YES;
				CLANG_WARN_INFINITE_RECURSION = YES;
				CLANG_WARN_INT_CONVERSION = YES;
				CLANG_WARN_NON_LITERAL_NULL_CONVERSION = YES;
				CLANG_WARN_OBJC_IMPLICIT_RETAIN_SELF = YES;
				CLANG_WARN_OBJC_LITERAL_CONVERSION = YES;
				CLANG_WARN_OBJC_ROOT_CLASS = YES_ERROR;
				CLANG_WARN_RANGE_LOOP_ANALYSIS = YES;
				CLANG_WARN_STRICT_PROTOTYPES = YES;
				CLANG_WARN_SUSPICIOUS_MOVE = YES;
				CLANG_WARN_UNGUARDED_AVAILABILITY = YES_AGGRESSIVE;
				CLANG_WARN_UNREACHABLE_CODE = YES;
				CLANG_WARN__DUPLICATE_METHOD_MATCH = YES;
				COPY_PHASE_STRIP = NO;
				DEBUG_INFORMATION_FORMAT = "dwarf-with-dsym";
				ENABLE_NS_ASSERTIONS = NO;
				ENABLE_STRICT_OBJC_MSGSEND = YES;
				GCC_C_LANGUAGE_STANDARD = gnu11;
				GCC_NO_COMMON_BLOCKS = YES;
				GCC_WARN_64_TO_32_BIT_CONVERSION = YES;
				GCC_WARN_ABOUT_RETURN_TYPE = YES_ERROR;
				GCC_WARN_UNDECLARED_SELECTOR = YES;
				GCC_WARN_UNINITIALIZED_AUTOS = YES_AGGRESSIVE;
				GCC_WARN_UNUSED_FUNCTION = YES;
				GCC_WARN_UNUSED_VARIABLE = YES;
				IPHONEOS_DEPLOYMENT_TARGET = 13.2;
				MTL_ENABLE_DEBUG_INFO = NO;
				MTL_FAST_MATH = YES;
				SDKROOT = iphoneos;
				SWIFT_COMPILATION_MODE = wholemodule;
				SWIFT_OPTIMIZATION_LEVEL = "-O";
				VALIDATE_PRODUCT = YES;
			};
			name = Release;
		};
		53C104F3247C0BF700001DEB /* Debug */ = {
			isa = XCBuildConfiguration;
			baseConfigurationReference = 45052547878A95F51A7DC9C6 /* Pods-FoodApp.debug.xcconfig */;
			buildSettings = {
				ASSETCATALOG_COMPILER_APPICON_NAME = AppIcon;
				CODE_SIGN_ENTITLEMENTS = FoodApp/FoodApp.entitlements;
				CODE_SIGN_IDENTITY = "Apple Development";
				CODE_SIGN_STYLE = Automatic;
				DEVELOPMENT_TEAM = HZUET98RD9;
				INFOPLIST_FILE = FoodApp/Info.plist;
				IPHONEOS_DEPLOYMENT_TARGET = 13.2;
				LD_RUNPATH_SEARCH_PATHS = (
					"$(inherited)",
					"@executable_path/Frameworks",
				);
				PRODUCT_BUNDLE_IDENTIFIER = com.flexibles.development;
				PRODUCT_NAME = "$(TARGET_NAME)";
				PROVISIONING_PROFILE_SPECIFIER = "";
				SWIFT_VERSION = 5.0;
				TARGETED_DEVICE_FAMILY = "1,2";
			};
			name = Debug;
		};
		53C104F4247C0BF700001DEB /* Release */ = {
			isa = XCBuildConfiguration;
			baseConfigurationReference = EDCE86276D3C0040E02C6330 /* Pods-FoodApp.release.xcconfig */;
			buildSettings = {
				ASSETCATALOG_COMPILER_APPICON_NAME = AppIcon;
				CODE_SIGN_ENTITLEMENTS = FoodApp/FoodApp.entitlements;
				CODE_SIGN_IDENTITY = "Apple Development";
				CODE_SIGN_STYLE = Automatic;
				DEVELOPMENT_TEAM = HZUET98RD9;
				INFOPLIST_FILE = FoodApp/Info.plist;
				IPHONEOS_DEPLOYMENT_TARGET = 13.2;
				LD_RUNPATH_SEARCH_PATHS = (
					"$(inherited)",
					"@executable_path/Frameworks",
				);
				PRODUCT_BUNDLE_IDENTIFIER = com.flexibles.development;
				PRODUCT_NAME = "$(TARGET_NAME)";
				PROVISIONING_PROFILE_SPECIFIER = "";
				SWIFT_VERSION = 5.0;
				TARGETED_DEVICE_FAMILY = "1,2";
			};
			name = Release;
		};
		53C104F6247C0BF700001DEB /* Debug */ = {
			isa = XCBuildConfiguration;
			baseConfigurationReference = F0D49B4EEB45DB4352F50EC9 /* Pods-FoodAppTests.debug.xcconfig */;
			buildSettings = {
				ALWAYS_EMBED_SWIFT_STANDARD_LIBRARIES = YES;
				BUNDLE_LOADER = "$(TEST_HOST)";
				CODE_SIGN_STYLE = Automatic;
				INFOPLIST_FILE = NewsAppTests/Info.plist;
				IPHONEOS_DEPLOYMENT_TARGET = 13.2;
				LD_RUNPATH_SEARCH_PATHS = (
					"$(inherited)",
					"@executable_path/Frameworks",
					"@loader_path/Frameworks",
				);
				PRODUCT_BUNDLE_IDENTIFIER = defoye.NewsAppTests;
				PRODUCT_NAME = "$(TARGET_NAME)";
				SWIFT_VERSION = 5.0;
				TARGETED_DEVICE_FAMILY = "1,2";
				TEST_HOST = "$(BUILT_PRODUCTS_DIR)/FoodApp.app/FoodApp";
			};
			name = Debug;
		};
		53C104F7247C0BF700001DEB /* Release */ = {
			isa = XCBuildConfiguration;
			baseConfigurationReference = 0B1D5AAE4E252C690B6E8B23 /* Pods-FoodAppTests.release.xcconfig */;
			buildSettings = {
				ALWAYS_EMBED_SWIFT_STANDARD_LIBRARIES = YES;
				BUNDLE_LOADER = "$(TEST_HOST)";
				CODE_SIGN_STYLE = Automatic;
				INFOPLIST_FILE = NewsAppTests/Info.plist;
				IPHONEOS_DEPLOYMENT_TARGET = 13.2;
				LD_RUNPATH_SEARCH_PATHS = (
					"$(inherited)",
					"@executable_path/Frameworks",
					"@loader_path/Frameworks",
				);
				PRODUCT_BUNDLE_IDENTIFIER = defoye.NewsAppTests;
				PRODUCT_NAME = "$(TARGET_NAME)";
				SWIFT_VERSION = 5.0;
				TARGETED_DEVICE_FAMILY = "1,2";
				TEST_HOST = "$(BUILT_PRODUCTS_DIR)/FoodApp.app/FoodApp";
			};
			name = Release;
		};
/* End XCBuildConfiguration section */

/* Begin XCConfigurationList section */
		53C104CE247C0BEE00001DEB /* Build configuration list for PBXProject "FoodApp" */ = {
			isa = XCConfigurationList;
			buildConfigurations = (
				53C104F0247C0BF700001DEB /* Debug */,
				53C104F1247C0BF700001DEB /* Release */,
			);
			defaultConfigurationIsVisible = 0;
			defaultConfigurationName = Release;
		};
		53C104F2247C0BF700001DEB /* Build configuration list for PBXNativeTarget "FoodApp" */ = {
			isa = XCConfigurationList;
			buildConfigurations = (
				53C104F3247C0BF700001DEB /* Debug */,
				53C104F4247C0BF700001DEB /* Release */,
			);
			defaultConfigurationIsVisible = 0;
			defaultConfigurationName = Release;
		};
		53C104F5247C0BF700001DEB /* Build configuration list for PBXNativeTarget "FoodAppTests" */ = {
			isa = XCConfigurationList;
			buildConfigurations = (
				53C104F6247C0BF700001DEB /* Debug */,
				53C104F7247C0BF700001DEB /* Release */,
			);
			defaultConfigurationIsVisible = 0;
			defaultConfigurationName = Release;
		};
/* End XCConfigurationList section */
	};
	rootObject = 53C104CB247C0BEE00001DEB /* Project object */;
}
